Microsoft Visual Studio Solution File, Format Version 11.00
# Visual Studio 2008

Project("{12F7B06B-9D7C-68DD-456C-5CE5B6DDF136}") = "Skate", "Assembly-CSharp-firstpass.csproj", "{7098354C-857A-3A9F-AA47-8FC652B5C0E0}"
EndProject
Project("{12F7B06B-9D7C-68DD-456C-5CE5B6DDF136}") = "Skate", "Assembly-CSharp.csproj", "{226EE61E-04F7-93BE-66B5-796F6146DFF7}"
EndProject
Project("{12F7B06B-9D7C-68DD-456C-5CE5B6DDF136}") = "Skate", "Assembly-CSharp-Editor-firstpass.csproj", "{2E6F6B57-B863-DCE0-1769-0D76E640E03D}"
EndProject
Global
	GlobalSection(SolutionConfigurationPlatforms) = preSolution
		Debug|Any CPU = Debug|Any CPU
		Release|Any CPU = Release|Any CPU
	EndGlobalSection
	GlobalSection(ProjectConfigurationPlatforms) = postSolution
		{7098354C-857A-3A9F-AA47-8FC652B5C0E0}.Debug|Any CPU.ActiveCfg = Debug|Any CPU
		{7098354C-857A-3A9F-AA47-8FC652B5C0E0}.Debug|Any CPU.Build.0 = Debug|Any CPU
		{7098354C-857A-3A9F-AA47-8FC652B5C0E0}.Release|Any CPU.ActiveCfg = Release|Any CPU
		{7098354C-857A-3A9F-AA47-8FC652B5C0E0}.Release|Any CPU.Build.0 = Release|Any CPU
		{226EE61E-04F7-93BE-66B5-796F6146DFF7}.Debug|Any CPU.ActiveCfg = Debug|Any CPU
		{226EE61E-04F7-93BE-66B5-796F6146DFF7}.Debug|Any CPU.Build.0 = Debug|Any CPU
		{226EE61E-04F7-93BE-66B5-796F6146DFF7}.Release|Any CPU.ActiveCfg = Release|Any CPU
		{226EE61E-04F7-93BE-66B5-796F6146DFF7}.Release|Any CPU.Build.0 = Release|Any CPU
		{2E6F6B57-B863-DCE0-1769-0D76E640E03D}.Debug|Any CPU.ActiveCfg = Debug|Any CPU
		{2E6F6B57-B863-DCE0-1769-0D76E640E03D}.Debug|Any CPU.Build.0 = Debug|Any CPU
		{2E6F6B57-B863-DCE0-1769-0D76E640E03D}.Release|Any CPU.ActiveCfg = Release|Any CPU
		{2E6F6B57-B863-DCE0-1769-0D76E640E03D}.Release|Any CPU.Build.0 = Release|Any CPU
	EndGlobalSection
	GlobalSection(SolutionProperties) = preSolution
		HideSolutionNode = FALSE
	EndGlobalSection
	GlobalSection(MonoDevelopProperties) = preSolution
		StartupItem = Assembly-CSharp.csproj
	EndGlobalSection
EndGlobal
