// !$*UTF8*$!
{
	archiveVersion = 1;
	classes = {
	};
	objectVersion = 46;
	objects = {

/* Begin PBXBuildFile section */
		5C0A8C0E1C97646300E2C3FF /* main2.cpp in Sources */ = {isa = PBXBuildFile; fileRef = 5C0A8C0D1C97646300E2C3FF /* main2.cpp */; };
		5C0A8C111C984D5900E2C3FF /* point.cpp in Sources */ = {isa = PBXBuildFile; fileRef = 5C0A8C0F1C984D5900E2C3FF /* point.cpp */; };
		5C0A8C131C985A6E00E2C3FF /* struct.cpp in Sources */ = {isa = PBXBuildFile; fileRef = 5C0A8C121C985A6E00E2C3FF /* struct.cpp */; };
		5CFD826E1C85081F00BA7E4E /* main.cpp in Sources */ = {isa = PBXBuildFile; fileRef = 5CFD826D1C85081F00BA7E4E /* main.cpp */; };
		5CFD82761C85111700BA7E4E /* staticIntarray.cpp in Sources */ = {isa = PBXBuildFile; fileRef = 5CFD82741C85111700BA7E4E /* staticIntarray.cpp */; };
/* End PBXBuildFile section */

/* Begin PBXCopyFilesBuildPhase section */
		5CFD82681C85081F00BA7E4E /* CopyFiles */ = {
			isa = PBXCopyFilesBuildPhase;
			buildActionMask = 2147483647;
			dstPath = /usr/share/man/man1/;
			dstSubfolderSpec = 0;
			files = (
			);
			runOnlyForDeploymentPostprocessing = 1;
		};
/* End PBXCopyFilesBuildPhase section */

/* Begin PBXFileReference section */
		5C0A8C0D1C97646300E2C3FF /* main2.cpp */ = {isa = PBXFileReference; fileEncoding = 4; lastKnownFileType = sourcecode.cpp.cpp; path = main2.cpp; sourceTree = "<group>"; };
		5C0A8C0F1C984D5900E2C3FF /* point.cpp */ = {isa = PBXFileReference; fileEncoding = 4; lastKnownFileType = sourcecode.cpp.cpp; path = point.cpp; sourceTree = "<group>"; };
		5C0A8C101C984D5900E2C3FF /* point.h */ = {isa = PBXFileReference; fileEncoding = 4; lastKnownFileType = sourcecode.c.h; path = point.h; sourceTree = "<group>"; };
		5C0A8C121C985A6E00E2C3FF /* struct.cpp */ = {isa = PBXFileReference; fileEncoding = 4; lastKnownFileType = sourcecode.cpp.cpp; path = struct.cpp; sourceTree = "<group>"; };
		5CFD826A1C85081F00BA7E4E /* Midterm CISC2200 */ = {isa = PBXFileReference; explicitFileType = "compiled.mach-o.executable"; includeInIndex = 0; path = "Midterm CISC2200"; sourceTree = BUILT_PRODUCTS_DIR; };
		5CFD826D1C85081F00BA7E4E /* main.cpp */ = {isa = PBXFileReference; lastKnownFileType = sourcecode.cpp.cpp; path = main.cpp; sourceTree = "<group>"; };
		5CFD82741C85111700BA7E4E /* staticIntarray.cpp */ = {isa = PBXFileReference; fileEncoding = 4; lastKnownFileType = sourcecode.cpp.cpp; path = staticIntarray.cpp; sourceTree = "<group>"; };
		5CFD82751C85111700BA7E4E /* staticIntarray.h */ = {isa = PBXFileReference; fileEncoding = 4; lastKnownFileType = sourcecode.c.h; path = staticIntarray.h; sourceTree = "<group>"; };
/* End PBXFileReference section */

/* Begin PBXFrameworksBuildPhase section */
		5CFD82671C85081F00BA7E4E /* Frameworks */ = {
			isa = PBXFrameworksBuildPhase;
			buildActionMask = 2147483647;
			files = (
			);
			runOnlyForDeploymentPostprocessing = 0;
		};
/* End PBXFrameworksBuildPhase section */

/* Begin PBXGroup section */
		5CFD82611C85081F00BA7E4E = {
			isa = PBXGroup;
			children = (
				5CFD826C1C85081F00BA7E4E /* Midterm CISC2200 */,
				5CFD826B1C85081F00BA7E4E /* Products */,
			);
			sourceTree = "<group>";
		};
		5CFD826B1C85081F00BA7E4E /* Products */ = {
			isa = PBXGroup;
			children = (
				5CFD826A1C85081F00BA7E4E /* Midterm CISC2200 */,
			);
			name = Products;
			sourceTree = "<group>";
		};
		5CFD826C1C85081F00BA7E4E /* Midterm CISC2200 */ = {
			isa = PBXGroup;
			children = (
				5CFD826D1C85081F00BA7E4E /* main.cpp */,
				5C0A8C0F1C984D5900E2C3FF /* point.cpp */,
				5C0A8C121C985A6E00E2C3FF /* struct.cpp */,
				5C0A8C101C984D5900E2C3FF /* point.h */,
				5C0A8C0D1C97646300E2C3FF /* main2.cpp */,
				5CFD82741C85111700BA7E4E /* staticIntarray.cpp */,
				5CFD82751C85111700BA7E4E /* staticIntarray.h */,
			);
			path = "Midterm CISC2200";
			sourceTree = "<group>";
		};
/* End PBXGroup section */

/* Begin PBXNativeTarget section */
		5CFD82691C85081F00BA7E4E /* Midterm CISC2200 */ = {
			isa = PBXNativeTarget;
			buildConfigurationList = 5CFD82711C85081F00BA7E4E /* Build configuration list for PBXNativeTarget "Midterm CISC2200" */;
			buildPhases = (
				5CFD82661C85081F00BA7E4E /* Sources */,
				5CFD82671C85081F00BA7E4E /* Frameworks */,
				5CFD82681C85081F00BA7E4E /* CopyFiles */,
			);
			buildRules = (
			);
			dependencies = (
			);
			name = "Midterm CISC2200";
			productName = "Midterm CISC2200";
			productReference = 5CFD826A1C85081F00BA7E4E /* Midterm CISC2200 */;
			productType = "com.apple.product-type.tool";
		};
/* End PBXNativeTarget section */

/* Begin PBXProject section */
		5CFD82621C85081F00BA7E4E /* Project object */ = {
			isa = PBXProject;
			attributes = {
				LastUpgradeCheck = 0720;
				ORGANIZATIONNAME = "Mario J Merendino";
				TargetAttributes = {
					5CFD82691C85081F00BA7E4E = {
						CreatedOnToolsVersion = 7.2.1;
					};
				};
			};
			buildConfigurationList = 5CFD82651C85081F00BA7E4E /* Build configuration list for PBXProject "Midterm CISC2200" */;
			compatibilityVersion = "Xcode 3.2";
			developmentRegion = English;
			hasScannedForEncodings = 0;
			knownRegions = (
				en,
			);
			mainGroup = 5CFD82611C85081F00BA7E4E;
			productRefGroup = 5CFD826B1C85081F00BA7E4E /* Products */;
			projectDirPath = "";
			projectRoot = "";
			targets = (
				5CFD82691C85081F00BA7E4E /* Midterm CISC2200 */,
			);
		};
/* End PBXProject section */

/* Begin PBXSourcesBuildPhase section */
		5CFD82661C85081F00BA7E4E /* Sources */ = {
			isa = PBXSourcesBuildPhase;
			buildActionMask = 2147483647;
			files = (
				5C0A8C111C984D5900E2C3FF /* point.cpp in Sources */,
				5C0A8C0E1C97646300E2C3FF /* main2.cpp in Sources */,
				5CFD826E1C85081F00BA7E4E /* main.cpp in Sources */,
				5C0A8C131C985A6E00E2C3FF /* struct.cpp in Sources */,
				5CFD82761C85111700BA7E4E /* staticIntarray.cpp in Sources */,
			);
			runOnlyForDeploymentPostprocessing = 0;
		};
/* End PBXSourcesBuildPhase section */

/* Begin XCBuildConfiguration section */
		5CFD826F1C85081F00BA7E4E /* Debug */ = {
			isa = XCBuildConfiguration;
			buildSettings = {
				ALWAYS_SEARCH_USER_PATHS = NO;
				CLANG_CXX_LANGUAGE_STANDARD = "gnu++0x";
				CLANG_CXX_LIBRARY = "libc++";
				CLANG_ENABLE_MODULES = YES;
				CLANG_ENABLE_OBJC_ARC = YES;
				CLANG_WARN_BOOL_CONVERSION = YES;
				CLANG_WARN_CONSTANT_CONVERSION = YES;
				CLANG_WARN_DIRECT_OBJC_ISA_USAGE = YES_ERROR;
				CLANG_WARN_EMPTY_BODY = YES;
				CLANG_WARN_ENUM_CONVERSION = YES;
				CLANG_WARN_INT_CONVERSION = YES;
				CLANG_WARN_OBJC_ROOT_CLASS = YES_ERROR;
				CLANG_WARN_UNREACHABLE_CODE = YES;
				CLANG_WARN__DUPLICATE_METHOD_MATCH = YES;
				CODE_SIGN_IDENTITY = "-";
				COPY_PHASE_STRIP = NO;
				DEBUG_INFORMATION_FORMAT = dwarf;
				ENABLE_STRICT_OBJC_MSGSEND = YES;
				ENABLE_TESTABILITY = YES;
				GCC_C_LANGUAGE_STANDARD = gnu99;
				GCC_DYNAMIC_NO_PIC = NO;
				GCC_NO_COMMON_BLOCKS = YES;
				GCC_OPTIMIZATION_LEVEL = 0;
				GCC_PREPROCESSOR_DEFINITIONS = (
					"DEBUG=1",
					"$(inherited)",
				);
				GCC_WARN_64_TO_32_BIT_CONVERSION = YES;
				GCC_WARN_ABOUT_RETURN_TYPE = YES_ERROR;
				GCC_WARN_UNDECLARED_SELECTOR = YES;
				GCC_WARN_UNINITIALIZED_AUTOS = YES_AGGRESSIVE;
				GCC_WARN_UNUSED_FUNCTION = YES;
				GCC_WARN_UNUSED_VARIABLE = YES;
				MACOSX_DEPLOYMENT_TARGET = 10.10;
				MTL_ENABLE_DEBUG_INFO = YES;
				ONLY_ACTIVE_ARCH = YES;
				SDKROOT = macosx;
			};
			name = Debug;
		};
		5CFD82701C85081F00BA7E4E /* Release */ = {
			isa = XCBuildConfiguration;
			buildSettings = {
				ALWAYS_SEARCH_USER_PATHS = NO;
				CLANG_CXX_LANGUAGE_STANDARD = "gnu++0x";
				CLANG_CXX_LIBRARY = "libc++";
				CLANG_ENABLE_MODULES = YES;
				CLANG_ENABLE_OBJC_ARC = YES;
				CLANG_WARN_BOOL_CONVERSION = YES;
				CLANG_WARN_CONSTANT_CONVERSION = YES;
				CLANG_WARN_DIRECT_OBJC_ISA_USAGE = YES_ERROR;
				CLANG_WARN_EMPTY_BODY = YES;
				CLANG_WARN_ENUM_CONVERSION = YES;
				CLANG_WARN_INT_CONVERSION = YES;
				CLANG_WARN_OBJC_ROOT_CLASS = YES_ERROR;
				CLANG_WARN_UNREACHABLE_CODE = YES;
				CLANG_WARN__DUPLICATE_METHOD_MATCH = YES;
				CODE_SIGN_IDENTITY = "-";
				COPY_PHASE_STRIP = NO;
				DEBUG_INFORMATION_FORMAT = "dwarf-with-dsym";
				ENABLE_NS_ASSERTIONS = NO;
				ENABLE_STRICT_OBJC_MSGSEND = YES;
				GCC_C_LANGUAGE_STANDARD = gnu99;
				GCC_NO_COMMON_BLOCKS = YES;
				GCC_WARN_64_TO_32_BIT_CONVERSION = YES;
				GCC_WARN_ABOUT_RETURN_TYPE = YES_ERROR;
				GCC_WARN_UNDECLARED_SELECTOR = YES;
				GCC_WARN_UNINITIALIZED_AUTOS = YES_AGGRESSIVE;
				GCC_WARN_UNUSED_FUNCTION = YES;
				GCC_WARN_UNUSED_VARIABLE = YES;
				MACOSX_DEPLOYMENT_TARGET = 10.10;
				MTL_ENABLE_DEBUG_INFO = NO;
				SDKROOT = macosx;
			};
			name = Release;
		};
		5CFD82721C85081F00BA7E4E /* Debug */ = {
			isa = XCBuildConfiguration;
			buildSettings = {
				PRODUCT_NAME = "$(TARGET_NAME)";
			};
			name = Debug;
		};
		5CFD82731C85081F00BA7E4E /* Release */ = {
			isa = XCBuildConfiguration;
			buildSettings = {
				PRODUCT_NAME = "$(TARGET_NAME)";
			};
			name = Release;
		};
/* End XCBuildConfiguration section */

/* Begin XCConfigurationList section */
		5CFD82651C85081F00BA7E4E /* Build configuration list for PBXProject "Midterm CISC2200" */ = {
			isa = XCConfigurationList;
			buildConfigurations = (
				5CFD826F1C85081F00BA7E4E /* Debug */,
				5CFD82701C85081F00BA7E4E /* Release */,
			);
			defaultConfigurationIsVisible = 0;
			defaultConfigurationName = Release;
		};
		5CFD82711C85081F00BA7E4E /* Build configuration list for PBXNativeTarget "Midterm CISC2200" */ = {
			isa = XCConfigurationList;
			buildConfigurations = (
				5CFD82721C85081F00BA7E4E /* Debug */,
				5CFD82731C85081F00BA7E4E /* Release */,
			);
			defaultConfigurationIsVisible = 0;
			defaultConfigurationName = Release;
		};
/* End XCConfigurationList section */
	};
	rootObject = 5CFD82621C85081F00BA7E4E /* Project object */;
}
