// !$*UTF8*$!
{
	archiveVersion = 1;
	classes = {
	};
	objectVersion = 46;
	objects = {

/* Begin PBXBuildFile section */
		5CB1EB0F1C21AE6800B9DE6D /* main.cpp in Sources */ = {isa = PBXBuildFile; fileRef = 5CB1EB0E1C21AE6800B9DE6D /* main.cpp */; };
		5CB1EB171C21AE7D00B9DE6D /* savingsaccount.cpp in Sources */ = {isa = PBXBuildFile; fileRef = 5CB1EB151C21AE7D00B9DE6D /* savingsaccount.cpp */; };
		5CB1EB1A1C21AF6200B9DE6D /* name.cpp in Sources */ = {isa = PBXBuildFile; fileRef = 5CB1EB181C21AF6200B9DE6D /* name.cpp */; };
		5CB1EB1F1C21AF6C00B9DE6D /* customer.cpp in Sources */ = {isa = PBXBuildFile; fileRef = 5CB1EB1B1C21AF6C00B9DE6D /* customer.cpp */; };
		5CB1EB201C21AF6C00B9DE6D /* date.cpp in Sources */ = {isa = PBXBuildFile; fileRef = 5CB1EB1D1C21AF6C00B9DE6D /* date.cpp */; };
/* End PBXBuildFile section */

/* Begin PBXCopyFilesBuildPhase section */
		5CB1EB091C21AE6800B9DE6D /* CopyFiles */ = {
			isa = PBXCopyFilesBuildPhase;
			buildActionMask = 2147483647;
			dstPath = /usr/share/man/man1/;
			dstSubfolderSpec = 0;
			files = (
			);
			runOnlyForDeploymentPostprocessing = 1;
		};
/* End PBXCopyFilesBuildPhase section */

/* Begin PBXFileReference section */
		5CB1EB0B1C21AE6800B9DE6D /* Savings account */ = {isa = PBXFileReference; explicitFileType = "compiled.mach-o.executable"; includeInIndex = 0; path = "Savings account"; sourceTree = BUILT_PRODUCTS_DIR; };
		5CB1EB0E1C21AE6800B9DE6D /* main.cpp */ = {isa = PBXFileReference; lastKnownFileType = sourcecode.cpp.cpp; path = main.cpp; sourceTree = "<group>"; };
		5CB1EB151C21AE7D00B9DE6D /* savingsaccount.cpp */ = {isa = PBXFileReference; fileEncoding = 4; lastKnownFileType = sourcecode.cpp.cpp; path = savingsaccount.cpp; sourceTree = "<group>"; };
		5CB1EB161C21AE7D00B9DE6D /* savingsaccount.h */ = {isa = PBXFileReference; fileEncoding = 4; lastKnownFileType = sourcecode.c.h; path = savingsaccount.h; sourceTree = "<group>"; };
		5CB1EB181C21AF6200B9DE6D /* name.cpp */ = {isa = PBXFileReference; fileEncoding = 4; lastKnownFileType = sourcecode.cpp.cpp; path = name.cpp; sourceTree = "<group>"; };
		5CB1EB191C21AF6200B9DE6D /* name.h */ = {isa = PBXFileReference; fileEncoding = 4; lastKnownFileType = sourcecode.c.h; path = name.h; sourceTree = "<group>"; };
		5CB1EB1B1C21AF6C00B9DE6D /* customer.cpp */ = {isa = PBXFileReference; fileEncoding = 4; lastKnownFileType = sourcecode.cpp.cpp; path = customer.cpp; sourceTree = "<group>"; };
		5CB1EB1C1C21AF6C00B9DE6D /* customer.h */ = {isa = PBXFileReference; fileEncoding = 4; lastKnownFileType = sourcecode.c.h; path = customer.h; sourceTree = "<group>"; };
		5CB1EB1D1C21AF6C00B9DE6D /* date.cpp */ = {isa = PBXFileReference; fileEncoding = 4; lastKnownFileType = sourcecode.cpp.cpp; path = date.cpp; sourceTree = "<group>"; };
		5CB1EB1E1C21AF6C00B9DE6D /* date.h */ = {isa = PBXFileReference; fileEncoding = 4; lastKnownFileType = sourcecode.c.h; path = date.h; sourceTree = "<group>"; };
/* End PBXFileReference section */

/* Begin PBXFrameworksBuildPhase section */
		5CB1EB081C21AE6800B9DE6D /* Frameworks */ = {
			isa = PBXFrameworksBuildPhase;
			buildActionMask = 2147483647;
			files = (
			);
			runOnlyForDeploymentPostprocessing = 0;
		};
/* End PBXFrameworksBuildPhase section */

/* Begin PBXGroup section */
		5CB1EB021C21AE6800B9DE6D = {
			isa = PBXGroup;
			children = (
				5CB1EB0D1C21AE6800B9DE6D /* Savings account */,
				5CB1EB0C1C21AE6800B9DE6D /* Products */,
			);
			sourceTree = "<group>";
		};
		5CB1EB0C1C21AE6800B9DE6D /* Products */ = {
			isa = PBXGroup;
			children = (
				5CB1EB0B1C21AE6800B9DE6D /* Savings account */,
			);
			name = Products;
			sourceTree = "<group>";
		};
		5CB1EB0D1C21AE6800B9DE6D /* Savings account */ = {
			isa = PBXGroup;
			children = (
				5CB1EB0E1C21AE6800B9DE6D /* main.cpp */,
				5CB1EB1B1C21AF6C00B9DE6D /* customer.cpp */,
				5CB1EB1C1C21AF6C00B9DE6D /* customer.h */,
				5CB1EB1D1C21AF6C00B9DE6D /* date.cpp */,
				5CB1EB1E1C21AF6C00B9DE6D /* date.h */,
				5CB1EB181C21AF6200B9DE6D /* name.cpp */,
				5CB1EB191C21AF6200B9DE6D /* name.h */,
				5CB1EB151C21AE7D00B9DE6D /* savingsaccount.cpp */,
				5CB1EB161C21AE7D00B9DE6D /* savingsaccount.h */,
			);
			path = "Savings account";
			sourceTree = "<group>";
		};
/* End PBXGroup section */

/* Begin PBXNativeTarget section */
		5CB1EB0A1C21AE6800B9DE6D /* Savings account */ = {
			isa = PBXNativeTarget;
			buildConfigurationList = 5CB1EB121C21AE6800B9DE6D /* Build configuration list for PBXNativeTarget "Savings account" */;
			buildPhases = (
				5CB1EB071C21AE6800B9DE6D /* Sources */,
				5CB1EB081C21AE6800B9DE6D /* Frameworks */,
				5CB1EB091C21AE6800B9DE6D /* CopyFiles */,
			);
			buildRules = (
			);
			dependencies = (
			);
			name = "Savings account";
			productName = "Savings account";
			productReference = 5CB1EB0B1C21AE6800B9DE6D /* Savings account */;
			productType = "com.apple.product-type.tool";
		};
/* End PBXNativeTarget section */

/* Begin PBXProject section */
		5CB1EB031C21AE6800B9DE6D /* Project object */ = {
			isa = PBXProject;
			attributes = {
				LastUpgradeCheck = 0610;
				ORGANIZATIONNAME = "Mario J Merendino";
				TargetAttributes = {
					5CB1EB0A1C21AE6800B9DE6D = {
						CreatedOnToolsVersion = 6.1.1;
					};
				};
			};
			buildConfigurationList = 5CB1EB061C21AE6800B9DE6D /* Build configuration list for PBXProject "Savings account" */;
			compatibilityVersion = "Xcode 3.2";
			developmentRegion = English;
			hasScannedForEncodings = 0;
			knownRegions = (
				en,
			);
			mainGroup = 5CB1EB021C21AE6800B9DE6D;
			productRefGroup = 5CB1EB0C1C21AE6800B9DE6D /* Products */;
			projectDirPath = "";
			projectRoot = "";
			targets = (
				5CB1EB0A1C21AE6800B9DE6D /* Savings account */,
			);
		};
/* End PBXProject section */

/* Begin PBXSourcesBuildPhase section */
		5CB1EB071C21AE6800B9DE6D /* Sources */ = {
			isa = PBXSourcesBuildPhase;
			buildActionMask = 2147483647;
			files = (
				5CB1EB0F1C21AE6800B9DE6D /* main.cpp in Sources */,
				5CB1EB171C21AE7D00B9DE6D /* savingsaccount.cpp in Sources */,
				5CB1EB1A1C21AF6200B9DE6D /* name.cpp in Sources */,
				5CB1EB201C21AF6C00B9DE6D /* date.cpp in Sources */,
				5CB1EB1F1C21AF6C00B9DE6D /* customer.cpp in Sources */,
			);
			runOnlyForDeploymentPostprocessing = 0;
		};
/* End PBXSourcesBuildPhase section */

/* Begin XCBuildConfiguration section */
		5CB1EB101C21AE6800B9DE6D /* Debug */ = {
			isa = XCBuildConfiguration;
			buildSettings = {
				ALWAYS_SEARCH_USER_PATHS = NO;
				CLANG_CXX_LANGUAGE_STANDARD = "gnu++0x";
				CLANG_CXX_LIBRARY = "libc++";
				CLANG_ENABLE_MODULES = YES;
				CLANG_ENABLE_OBJC_ARC = YES;
				CLANG_WARN_BOOL_CONVERSION = YES;
				CLANG_WARN_CONSTANT_CONVERSION = YES;
				CLANG_WARN_DIRECT_OBJC_ISA_USAGE = YES_ERROR;
				CLANG_WARN_EMPTY_BODY = YES;
				CLANG_WARN_ENUM_CONVERSION = YES;
				CLANG_WARN_INT_CONVERSION = YES;
				CLANG_WARN_OBJC_ROOT_CLASS = YES_ERROR;
				CLANG_WARN_UNREACHABLE_CODE = YES;
				CLANG_WARN__DUPLICATE_METHOD_MATCH = YES;
				COPY_PHASE_STRIP = NO;
				ENABLE_STRICT_OBJC_MSGSEND = YES;
				GCC_C_LANGUAGE_STANDARD = gnu99;
				GCC_DYNAMIC_NO_PIC = NO;
				GCC_OPTIMIZATION_LEVEL = 0;
				GCC_PREPROCESSOR_DEFINITIONS = (
					"DEBUG=1",
					"$(inherited)",
				);
				GCC_SYMBOLS_PRIVATE_EXTERN = NO;
				GCC_WARN_64_TO_32_BIT_CONVERSION = YES;
				GCC_WARN_ABOUT_RETURN_TYPE = YES_ERROR;
				GCC_WARN_UNDECLARED_SELECTOR = YES;
				GCC_WARN_UNINITIALIZED_AUTOS = YES_AGGRESSIVE;
				GCC_WARN_UNUSED_FUNCTION = YES;
				GCC_WARN_UNUSED_VARIABLE = YES;
				MACOSX_DEPLOYMENT_TARGET = 10.10;
				MTL_ENABLE_DEBUG_INFO = YES;
				ONLY_ACTIVE_ARCH = YES;
				SDKROOT = macosx;
			};
			name = Debug;
		};
		5CB1EB111C21AE6800B9DE6D /* Release */ = {
			isa = XCBuildConfiguration;
			buildSettings = {
				ALWAYS_SEARCH_USER_PATHS = NO;
				CLANG_CXX_LANGUAGE_STANDARD = "gnu++0x";
				CLANG_CXX_LIBRARY = "libc++";
				CLANG_ENABLE_MODULES = YES;
				CLANG_ENABLE_OBJC_ARC = YES;
				CLANG_WARN_BOOL_CONVERSION = YES;
				CLANG_WARN_CONSTANT_CONVERSION = YES;
				CLANG_WARN_DIRECT_OBJC_ISA_USAGE = YES_ERROR;
				CLANG_WARN_EMPTY_BODY = YES;
				CLANG_WARN_ENUM_CONVERSION = YES;
				CLANG_WARN_INT_CONVERSION = YES;
				CLANG_WARN_OBJC_ROOT_CLASS = YES_ERROR;
				CLANG_WARN_UNREACHABLE_CODE = YES;
				CLANG_WARN__DUPLICATE_METHOD_MATCH = YES;
				COPY_PHASE_STRIP = YES;
				DEBUG_INFORMATION_FORMAT = "dwarf-with-dsym";
				ENABLE_NS_ASSERTIONS = NO;
				ENABLE_STRICT_OBJC_MSGSEND = YES;
				GCC_C_LANGUAGE_STANDARD = gnu99;
				GCC_WARN_64_TO_32_BIT_CONVERSION = YES;
				GCC_WARN_ABOUT_RETURN_TYPE = YES_ERROR;
				GCC_WARN_UNDECLARED_SELECTOR = YES;
				GCC_WARN_UNINITIALIZED_AUTOS = YES_AGGRESSIVE;
				GCC_WARN_UNUSED_FUNCTION = YES;
				GCC_WARN_UNUSED_VARIABLE = YES;
				MACOSX_DEPLOYMENT_TARGET = 10.10;
				MTL_ENABLE_DEBUG_INFO = NO;
				SDKROOT = macosx;
			};
			name = Release;
		};
		5CB1EB131C21AE6800B9DE6D /* Debug */ = {
			isa = XCBuildConfiguration;
			buildSettings = {
				PRODUCT_NAME = "$(TARGET_NAME)";
			};
			name = Debug;
		};
		5CB1EB141C21AE6800B9DE6D /* Release */ = {
			isa = XCBuildConfiguration;
			buildSettings = {
				PRODUCT_NAME = "$(TARGET_NAME)";
			};
			name = Release;
		};
/* End XCBuildConfiguration section */

/* Begin XCConfigurationList section */
		5CB1EB061C21AE6800B9DE6D /* Build configuration list for PBXProject "Savings account" */ = {
			isa = XCConfigurationList;
			buildConfigurations = (
				5CB1EB101C21AE6800B9DE6D /* Debug */,
				5CB1EB111C21AE6800B9DE6D /* Release */,
			);
			defaultConfigurationIsVisible = 0;
			defaultConfigurationName = Release;
		};
		5CB1EB121C21AE6800B9DE6D /* Build configuration list for PBXNativeTarget "Savings account" */ = {
			isa = XCConfigurationList;
			buildConfigurations = (
				5CB1EB131C21AE6800B9DE6D /* Debug */,
				5CB1EB141C21AE6800B9DE6D /* Release */,
			);
			defaultConfigurationIsVisible = 0;
		};
/* End XCConfigurationList section */
	};
	rootObject = 5CB1EB031C21AE6800B9DE6D /* Project object */;
}
