// !$*UTF8*$!
{
	archiveVersion = 1;
	classes = {
	};
	objectVersion = 46;
	objects = {

/* Begin PBXBuildFile section */
		5CE6C9611CE2737700CBD6A7 /* main.cpp in Sources */ = {isa = PBXBuildFile; fileRef = 5CE6C9601CE2737700CBD6A7 /* main.cpp */; };
		5CE6C9681CE27A8E00CBD6A7 /* linkedlists.cpp in Sources */ = {isa = PBXBuildFile; fileRef = 5CE6C9671CE27A8E00CBD6A7 /* linkedlists.cpp */; };
		5CE6C96A1CE2B12900CBD6A7 /* doubleLinkedList.cpp in Sources */ = {isa = PBXBuildFile; fileRef = 5CE6C9691CE2B12900CBD6A7 /* doubleLinkedList.cpp */; };
		5CE6C96D1CE5383A00CBD6A7 /* stack.cpp in Sources */ = {isa = PBXBuildFile; fileRef = 5CE6C96B1CE5383A00CBD6A7 /* stack.cpp */; };
/* End PBXBuildFile section */

/* Begin PBXCopyFilesBuildPhase section */
		5CE6C95B1CE2737700CBD6A7 /* CopyFiles */ = {
			isa = PBXCopyFilesBuildPhase;
			buildActionMask = 2147483647;
			dstPath = /usr/share/man/man1/;
			dstSubfolderSpec = 0;
			files = (
			);
			runOnlyForDeploymentPostprocessing = 1;
		};
/* End PBXCopyFilesBuildPhase section */

/* Begin PBXFileReference section */
		5CE6C95D1CE2737700CBD6A7 /* FinalExamReview */ = {isa = PBXFileReference; explicitFileType = "compiled.mach-o.executable"; includeInIndex = 0; path = FinalExamReview; sourceTree = BUILT_PRODUCTS_DIR; };
		5CE6C9601CE2737700CBD6A7 /* main.cpp */ = {isa = PBXFileReference; lastKnownFileType = sourcecode.cpp.cpp; path = main.cpp; sourceTree = "<group>"; };
		5CE6C9671CE27A8E00CBD6A7 /* linkedlists.cpp */ = {isa = PBXFileReference; fileEncoding = 4; lastKnownFileType = sourcecode.cpp.cpp; path = linkedlists.cpp; sourceTree = "<group>"; };
		5CE6C9691CE2B12900CBD6A7 /* doubleLinkedList.cpp */ = {isa = PBXFileReference; fileEncoding = 4; lastKnownFileType = sourcecode.cpp.cpp; path = doubleLinkedList.cpp; sourceTree = "<group>"; };
		5CE6C96B1CE5383A00CBD6A7 /* stack.cpp */ = {isa = PBXFileReference; fileEncoding = 4; lastKnownFileType = sourcecode.cpp.cpp; path = stack.cpp; sourceTree = "<group>"; };
		5CE6C96C1CE5383A00CBD6A7 /* stack.hpp */ = {isa = PBXFileReference; fileEncoding = 4; lastKnownFileType = sourcecode.cpp.h; path = stack.hpp; sourceTree = "<group>"; };
/* End PBXFileReference section */

/* Begin PBXFrameworksBuildPhase section */
		5CE6C95A1CE2737700CBD6A7 /* Frameworks */ = {
			isa = PBXFrameworksBuildPhase;
			buildActionMask = 2147483647;
			files = (
			);
			runOnlyForDeploymentPostprocessing = 0;
		};
/* End PBXFrameworksBuildPhase section */

/* Begin PBXGroup section */
		5CE6C9541CE2737700CBD6A7 = {
			isa = PBXGroup;
			children = (
				5CE6C95F1CE2737700CBD6A7 /* FinalExamReview */,
				5CE6C95E1CE2737700CBD6A7 /* Products */,
			);
			sourceTree = "<group>";
		};
		5CE6C95E1CE2737700CBD6A7 /* Products */ = {
			isa = PBXGroup;
			children = (
				5CE6C95D1CE2737700CBD6A7 /* FinalExamReview */,
			);
			name = Products;
			sourceTree = "<group>";
		};
		5CE6C95F1CE2737700CBD6A7 /* FinalExamReview */ = {
			isa = PBXGroup;
			children = (
				5CE6C9601CE2737700CBD6A7 /* main.cpp */,
				5CE6C9691CE2B12900CBD6A7 /* doubleLinkedList.cpp */,
				5CE6C96B1CE5383A00CBD6A7 /* stack.cpp */,
				5CE6C96C1CE5383A00CBD6A7 /* stack.hpp */,
				5CE6C9671CE27A8E00CBD6A7 /* linkedlists.cpp */,
			);
			path = FinalExamReview;
			sourceTree = "<group>";
		};
/* End PBXGroup section */

/* Begin PBXNativeTarget section */
		5CE6C95C1CE2737700CBD6A7 /* FinalExamReview */ = {
			isa = PBXNativeTarget;
			buildConfigurationList = 5CE6C9641CE2737700CBD6A7 /* Build configuration list for PBXNativeTarget "FinalExamReview" */;
			buildPhases = (
				5CE6C9591CE2737700CBD6A7 /* Sources */,
				5CE6C95A1CE2737700CBD6A7 /* Frameworks */,
				5CE6C95B1CE2737700CBD6A7 /* CopyFiles */,
			);
			buildRules = (
			);
			dependencies = (
			);
			name = FinalExamReview;
			productName = FinalExamReview;
			productReference = 5CE6C95D1CE2737700CBD6A7 /* FinalExamReview */;
			productType = "com.apple.product-type.tool";
		};
/* End PBXNativeTarget section */

/* Begin PBXProject section */
		5CE6C9551CE2737700CBD6A7 /* Project object */ = {
			isa = PBXProject;
			attributes = {
				LastUpgradeCheck = 0720;
				ORGANIZATIONNAME = "Mario J Merendino";
				TargetAttributes = {
					5CE6C95C1CE2737700CBD6A7 = {
						CreatedOnToolsVersion = 7.2.1;
					};
				};
			};
			buildConfigurationList = 5CE6C9581CE2737700CBD6A7 /* Build configuration list for PBXProject "FinalExamReview" */;
			compatibilityVersion = "Xcode 3.2";
			developmentRegion = English;
			hasScannedForEncodings = 0;
			knownRegions = (
				en,
			);
			mainGroup = 5CE6C9541CE2737700CBD6A7;
			productRefGroup = 5CE6C95E1CE2737700CBD6A7 /* Products */;
			projectDirPath = "";
			projectRoot = "";
			targets = (
				5CE6C95C1CE2737700CBD6A7 /* FinalExamReview */,
			);
		};
/* End PBXProject section */

/* Begin PBXSourcesBuildPhase section */
		5CE6C9591CE2737700CBD6A7 /* Sources */ = {
			isa = PBXSourcesBuildPhase;
			buildActionMask = 2147483647;
			files = (
				5CE6C96D1CE5383A00CBD6A7 /* stack.cpp in Sources */,
				5CE6C96A1CE2B12900CBD6A7 /* doubleLinkedList.cpp in Sources */,
				5CE6C9681CE27A8E00CBD6A7 /* linkedlists.cpp in Sources */,
				5CE6C9611CE2737700CBD6A7 /* main.cpp in Sources */,
			);
			runOnlyForDeploymentPostprocessing = 0;
		};
/* End PBXSourcesBuildPhase section */

/* Begin XCBuildConfiguration section */
		5CE6C9621CE2737700CBD6A7 /* Debug */ = {
			isa = XCBuildConfiguration;
			buildSettings = {
				ALWAYS_SEARCH_USER_PATHS = NO;
				CLANG_CXX_LANGUAGE_STANDARD = "gnu++0x";
				CLANG_CXX_LIBRARY = "libc++";
				CLANG_ENABLE_MODULES = YES;
				CLANG_ENABLE_OBJC_ARC = YES;
				CLANG_WARN_BOOL_CONVERSION = YES;
				CLANG_WARN_CONSTANT_CONVERSION = YES;
				CLANG_WARN_DIRECT_OBJC_ISA_USAGE = YES_ERROR;
				CLANG_WARN_EMPTY_BODY = YES;
				CLANG_WARN_ENUM_CONVERSION = YES;
				CLANG_WARN_INT_CONVERSION = YES;
				CLANG_WARN_OBJC_ROOT_CLASS = YES_ERROR;
				CLANG_WARN_UNREACHABLE_CODE = YES;
				CLANG_WARN__DUPLICATE_METHOD_MATCH = YES;
				CODE_SIGN_IDENTITY = "-";
				COPY_PHASE_STRIP = NO;
				DEBUG_INFORMATION_FORMAT = dwarf;
				ENABLE_STRICT_OBJC_MSGSEND = YES;
				ENABLE_TESTABILITY = YES;
				GCC_C_LANGUAGE_STANDARD = gnu99;
				GCC_DYNAMIC_NO_PIC = NO;
				GCC_NO_COMMON_BLOCKS = YES;
				GCC_OPTIMIZATION_LEVEL = 0;
				GCC_PREPROCESSOR_DEFINITIONS = (
					"DEBUG=1",
					"$(inherited)",
				);
				GCC_WARN_64_TO_32_BIT_CONVERSION = YES;
				GCC_WARN_ABOUT_RETURN_TYPE = YES_ERROR;
				GCC_WARN_UNDECLARED_SELECTOR = YES;
				GCC_WARN_UNINITIALIZED_AUTOS = YES_AGGRESSIVE;
				GCC_WARN_UNUSED_FUNCTION = YES;
				GCC_WARN_UNUSED_VARIABLE = YES;
				MACOSX_DEPLOYMENT_TARGET = 10.10;
				MTL_ENABLE_DEBUG_INFO = YES;
				ONLY_ACTIVE_ARCH = YES;
				SDKROOT = macosx;
			};
			name = Debug;
		};
		5CE6C9631CE2737700CBD6A7 /* Release */ = {
			isa = XCBuildConfiguration;
			buildSettings = {
				ALWAYS_SEARCH_USER_PATHS = NO;
				CLANG_CXX_LANGUAGE_STANDARD = "gnu++0x";
				CLANG_CXX_LIBRARY = "libc++";
				CLANG_ENABLE_MODULES = YES;
				CLANG_ENABLE_OBJC_ARC = YES;
				CLANG_WARN_BOOL_CONVERSION = YES;
				CLANG_WARN_CONSTANT_CONVERSION = YES;
				CLANG_WARN_DIRECT_OBJC_ISA_USAGE = YES_ERROR;
				CLANG_WARN_EMPTY_BODY = YES;
				CLANG_WARN_ENUM_CONVERSION = YES;
				CLANG_WARN_INT_CONVERSION = YES;
				CLANG_WARN_OBJC_ROOT_CLASS = YES_ERROR;
				CLANG_WARN_UNREACHABLE_CODE = YES;
				CLANG_WARN__DUPLICATE_METHOD_MATCH = YES;
				CODE_SIGN_IDENTITY = "-";
				COPY_PHASE_STRIP = NO;
				DEBUG_INFORMATION_FORMAT = "dwarf-with-dsym";
				ENABLE_NS_ASSERTIONS = NO;
				ENABLE_STRICT_OBJC_MSGSEND = YES;
				GCC_C_LANGUAGE_STANDARD = gnu99;
				GCC_NO_COMMON_BLOCKS = YES;
				GCC_WARN_64_TO_32_BIT_CONVERSION = YES;
				GCC_WARN_ABOUT_RETURN_TYPE = YES_ERROR;
				GCC_WARN_UNDECLARED_SELECTOR = YES;
				GCC_WARN_UNINITIALIZED_AUTOS = YES_AGGRESSIVE;
				GCC_WARN_UNUSED_FUNCTION = YES;
				GCC_WARN_UNUSED_VARIABLE = YES;
				MACOSX_DEPLOYMENT_TARGET = 10.10;
				MTL_ENABLE_DEBUG_INFO = NO;
				SDKROOT = macosx;
			};
			name = Release;
		};
		5CE6C9651CE2737700CBD6A7 /* Debug */ = {
			isa = XCBuildConfiguration;
			buildSettings = {
				PRODUCT_NAME = "$(TARGET_NAME)";
			};
			name = Debug;
		};
		5CE6C9661CE2737700CBD6A7 /* Release */ = {
			isa = XCBuildConfiguration;
			buildSettings = {
				PRODUCT_NAME = "$(TARGET_NAME)";
			};
			name = Release;
		};
/* End XCBuildConfiguration section */

/* Begin XCConfigurationList section */
		5CE6C9581CE2737700CBD6A7 /* Build configuration list for PBXProject "FinalExamReview" */ = {
			isa = XCConfigurationList;
			buildConfigurations = (
				5CE6C9621CE2737700CBD6A7 /* Debug */,
				5CE6C9631CE2737700CBD6A7 /* Release */,
			);
			defaultConfigurationIsVisible = 0;
			defaultConfigurationName = Release;
		};
		5CE6C9641CE2737700CBD6A7 /* Build configuration list for PBXNativeTarget "FinalExamReview" */ = {
			isa = XCConfigurationList;
			buildConfigurations = (
				5CE6C9651CE2737700CBD6A7 /* Debug */,
				5CE6C9661CE2737700CBD6A7 /* Release */,
			);
			defaultConfigurationIsVisible = 0;
			defaultConfigurationName = Release;
		};
/* End XCConfigurationList section */
	};
	rootObject = 5CE6C9551CE2737700CBD6A7 /* Project object */;
}
