// !$*UTF8*$!
{
	archiveVersion = 1;
	classes = {
	};
	objectVersion = 46;
	objects = {

/* Begin PBXBuildFile section */
		5C6F63591C3777F2009CAC4B /* AppDelegate.swift in Sources */ = {isa = PBXBuildFile; fileRef = 5C6F63581C3777F2009CAC4B /* AppDelegate.swift */; };
		5C6F635B1C3777F2009CAC4B /* ViewController.swift in Sources */ = {isa = PBXBuildFile; fileRef = 5C6F635A1C3777F2009CAC4B /* ViewController.swift */; };
		5C6F635E1C3777F2009CAC4B /* Main.storyboard in Resources */ = {isa = PBXBuildFile; fileRef = 5C6F635C1C3777F2009CAC4B /* Main.storyboard */; };
		5C6F63601C3777F2009CAC4B /* Assets.xcassets in Resources */ = {isa = PBXBuildFile; fileRef = 5C6F635F1C3777F2009CAC4B /* Assets.xcassets */; };
		5C6F63631C3777F2009CAC4B /* LaunchScreen.storyboard in Resources */ = {isa = PBXBuildFile; fileRef = 5C6F63611C3777F2009CAC4B /* LaunchScreen.storyboard */; };
		5C6F636E1C3777F2009CAC4B /* pagesTests.swift in Sources */ = {isa = PBXBuildFile; fileRef = 5C6F636D1C3777F2009CAC4B /* pagesTests.swift */; };
		5C6F63791C3777F2009CAC4B /* pagesUITests.swift in Sources */ = {isa = PBXBuildFile; fileRef = 5C6F63781C3777F2009CAC4B /* pagesUITests.swift */; };
		5C6F63871C377923009CAC4B /* SettingsViewController.swift in Sources */ = {isa = PBXBuildFile; fileRef = 5C6F63861C377923009CAC4B /* SettingsViewController.swift */; };
		5C6F638A1C37793C009CAC4B /* PlayViewController.swift in Sources */ = {isa = PBXBuildFile; fileRef = 5C6F63891C37793C009CAC4B /* PlayViewController.swift */; };
/* End PBXBuildFile section */

/* Begin PBXContainerItemProxy section */
		5C6F636A1C3777F2009CAC4B /* PBXContainerItemProxy */ = {
			isa = PBXContainerItemProxy;
			containerPortal = 5C6F634D1C3777F2009CAC4B /* Project object */;
			proxyType = 1;
			remoteGlobalIDString = 5C6F63541C3777F2009CAC4B;
			remoteInfo = pages;
		};
		5C6F63751C3777F2009CAC4B /* PBXContainerItemProxy */ = {
			isa = PBXContainerItemProxy;
			containerPortal = 5C6F634D1C3777F2009CAC4B /* Project object */;
			proxyType = 1;
			remoteGlobalIDString = 5C6F63541C3777F2009CAC4B;
			remoteInfo = pages;
		};
/* End PBXContainerItemProxy section */

/* Begin PBXFileReference section */
		5C6F63551C3777F2009CAC4B /* pages.app */ = {isa = PBXFileReference; explicitFileType = wrapper.application; includeInIndex = 0; path = pages.app; sourceTree = BUILT_PRODUCTS_DIR; };
		5C6F63581C3777F2009CAC4B /* AppDelegate.swift */ = {isa = PBXFileReference; lastKnownFileType = sourcecode.swift; path = AppDelegate.swift; sourceTree = "<group>"; };
		5C6F635A1C3777F2009CAC4B /* ViewController.swift */ = {isa = PBXFileReference; lastKnownFileType = sourcecode.swift; path = ViewController.swift; sourceTree = "<group>"; };
		5C6F635D1C3777F2009CAC4B /* Base */ = {isa = PBXFileReference; lastKnownFileType = file.storyboard; name = Base; path = Base.lproj/Main.storyboard; sourceTree = "<group>"; };
		5C6F635F1C3777F2009CAC4B /* Assets.xcassets */ = {isa = PBXFileReference; lastKnownFileType = folder.assetcatalog; path = Assets.xcassets; sourceTree = "<group>"; };
		5C6F63621C3777F2009CAC4B /* Base */ = {isa = PBXFileReference; lastKnownFileType = file.storyboard; name = Base; path = Base.lproj/LaunchScreen.storyboard; sourceTree = "<group>"; };
		5C6F63641C3777F2009CAC4B /* Info.plist */ = {isa = PBXFileReference; lastKnownFileType = text.plist.xml; path = Info.plist; sourceTree = "<group>"; };
		5C6F63691C3777F2009CAC4B /* pagesTests.xctest */ = {isa = PBXFileReference; explicitFileType = wrapper.cfbundle; includeInIndex = 0; path = pagesTests.xctest; sourceTree = BUILT_PRODUCTS_DIR; };
		5C6F636D1C3777F2009CAC4B /* pagesTests.swift */ = {isa = PBXFileReference; lastKnownFileType = sourcecode.swift; path = pagesTests.swift; sourceTree = "<group>"; };
		5C6F636F1C3777F2009CAC4B /* Info.plist */ = {isa = PBXFileReference; lastKnownFileType = text.plist.xml; path = Info.plist; sourceTree = "<group>"; };
		5C6F63741C3777F2009CAC4B /* pagesUITests.xctest */ = {isa = PBXFileReference; explicitFileType = wrapper.cfbundle; includeInIndex = 0; path = pagesUITests.xctest; sourceTree = BUILT_PRODUCTS_DIR; };
		5C6F63781C3777F2009CAC4B /* pagesUITests.swift */ = {isa = PBXFileReference; lastKnownFileType = sourcecode.swift; path = pagesUITests.swift; sourceTree = "<group>"; };
		5C6F637A1C3777F2009CAC4B /* Info.plist */ = {isa = PBXFileReference; lastKnownFileType = text.plist.xml; path = Info.plist; sourceTree = "<group>"; };
		5C6F63861C377923009CAC4B /* SettingsViewController.swift */ = {isa = PBXFileReference; fileEncoding = 4; lastKnownFileType = sourcecode.swift; path = SettingsViewController.swift; sourceTree = "<group>"; };
		5C6F63891C37793C009CAC4B /* PlayViewController.swift */ = {isa = PBXFileReference; fileEncoding = 4; lastKnownFileType = sourcecode.swift; path = PlayViewController.swift; sourceTree = "<group>"; };
/* End PBXFileReference section */

/* Begin PBXFrameworksBuildPhase section */
		5C6F63521C3777F2009CAC4B /* Frameworks */ = {
			isa = PBXFrameworksBuildPhase;
			buildActionMask = 2147483647;
			files = (
			);
			runOnlyForDeploymentPostprocessing = 0;
		};
		5C6F63661C3777F2009CAC4B /* Frameworks */ = {
			isa = PBXFrameworksBuildPhase;
			buildActionMask = 2147483647;
			files = (
			);
			runOnlyForDeploymentPostprocessing = 0;
		};
		5C6F63711C3777F2009CAC4B /* Frameworks */ = {
			isa = PBXFrameworksBuildPhase;
			buildActionMask = 2147483647;
			files = (
			);
			runOnlyForDeploymentPostprocessing = 0;
		};
/* End PBXFrameworksBuildPhase section */

/* Begin PBXGroup section */
		5C6F634C1C3777F2009CAC4B = {
			isa = PBXGroup;
			children = (
				5C6F63571C3777F2009CAC4B /* pages */,
				5C6F636C1C3777F2009CAC4B /* pagesTests */,
				5C6F63771C3777F2009CAC4B /* pagesUITests */,
				5C6F63561C3777F2009CAC4B /* Products */,
			);
			sourceTree = "<group>";
		};
		5C6F63561C3777F2009CAC4B /* Products */ = {
			isa = PBXGroup;
			children = (
				5C6F63551C3777F2009CAC4B /* pages.app */,
				5C6F63691C3777F2009CAC4B /* pagesTests.xctest */,
				5C6F63741C3777F2009CAC4B /* pagesUITests.xctest */,
			);
			name = Products;
			sourceTree = "<group>";
		};
		5C6F63571C3777F2009CAC4B /* pages */ = {
			isa = PBXGroup;
			children = (
				5C6F63581C3777F2009CAC4B /* AppDelegate.swift */,
				5C6F635A1C3777F2009CAC4B /* ViewController.swift */,
				5C6F635C1C3777F2009CAC4B /* Main.storyboard */,
				5C6F635F1C3777F2009CAC4B /* Assets.xcassets */,
				5C6F63611C3777F2009CAC4B /* LaunchScreen.storyboard */,
				5C6F63641C3777F2009CAC4B /* Info.plist */,
				5C6F63861C377923009CAC4B /* SettingsViewController.swift */,
				5C6F63891C37793C009CAC4B /* PlayViewController.swift */,
			);
			path = pages;
			sourceTree = "<group>";
		};
		5C6F636C1C3777F2009CAC4B /* pagesTests */ = {
			isa = PBXGroup;
			children = (
				5C6F636D1C3777F2009CAC4B /* pagesTests.swift */,
				5C6F636F1C3777F2009CAC4B /* Info.plist */,
			);
			path = pagesTests;
			sourceTree = "<group>";
		};
		5C6F63771C3777F2009CAC4B /* pagesUITests */ = {
			isa = PBXGroup;
			children = (
				5C6F63781C3777F2009CAC4B /* pagesUITests.swift */,
				5C6F637A1C3777F2009CAC4B /* Info.plist */,
			);
			path = pagesUITests;
			sourceTree = "<group>";
		};
/* End PBXGroup section */

/* Begin PBXNativeTarget section */
		5C6F63541C3777F2009CAC4B /* pages */ = {
			isa = PBXNativeTarget;
			buildConfigurationList = 5C6F637D1C3777F2009CAC4B /* Build configuration list for PBXNativeTarget "pages" */;
			buildPhases = (
				5C6F63511C3777F2009CAC4B /* Sources */,
				5C6F63521C3777F2009CAC4B /* Frameworks */,
				5C6F63531C3777F2009CAC4B /* Resources */,
			);
			buildRules = (
			);
			dependencies = (
			);
			name = pages;
			productName = pages;
			productReference = 5C6F63551C3777F2009CAC4B /* pages.app */;
			productType = "com.apple.product-type.application";
		};
		5C6F63681C3777F2009CAC4B /* pagesTests */ = {
			isa = PBXNativeTarget;
			buildConfigurationList = 5C6F63801C3777F2009CAC4B /* Build configuration list for PBXNativeTarget "pagesTests" */;
			buildPhases = (
				5C6F63651C3777F2009CAC4B /* Sources */,
				5C6F63661C3777F2009CAC4B /* Frameworks */,
				5C6F63671C3777F2009CAC4B /* Resources */,
			);
			buildRules = (
			);
			dependencies = (
				5C6F636B1C3777F2009CAC4B /* PBXTargetDependency */,
			);
			name = pagesTests;
			productName = pagesTests;
			productReference = 5C6F63691C3777F2009CAC4B /* pagesTests.xctest */;
			productType = "com.apple.product-type.bundle.unit-test";
		};
		5C6F63731C3777F2009CAC4B /* pagesUITests */ = {
			isa = PBXNativeTarget;
			buildConfigurationList = 5C6F63831C3777F2009CAC4B /* Build configuration list for PBXNativeTarget "pagesUITests" */;
			buildPhases = (
				5C6F63701C3777F2009CAC4B /* Sources */,
				5C6F63711C3777F2009CAC4B /* Frameworks */,
				5C6F63721C3777F2009CAC4B /* Resources */,
			);
			buildRules = (
			);
			dependencies = (
				5C6F63761C3777F2009CAC4B /* PBXTargetDependency */,
			);
			name = pagesUITests;
			productName = pagesUITests;
			productReference = 5C6F63741C3777F2009CAC4B /* pagesUITests.xctest */;
			productType = "com.apple.product-type.bundle.ui-testing";
		};
/* End PBXNativeTarget section */

/* Begin PBXProject section */
		5C6F634D1C3777F2009CAC4B /* Project object */ = {
			isa = PBXProject;
			attributes = {
				LastSwiftUpdateCheck = 0720;
				LastUpgradeCheck = 0720;
				ORGANIZATIONNAME = "Mario J Merendino";
				TargetAttributes = {
					5C6F63541C3777F2009CAC4B = {
						CreatedOnToolsVersion = 7.2;
						DevelopmentTeam = V6LK4TJZ8V;
					};
					5C6F63681C3777F2009CAC4B = {
						CreatedOnToolsVersion = 7.2;
						DevelopmentTeam = V6LK4TJZ8V;
						TestTargetID = 5C6F63541C3777F2009CAC4B;
					};
					5C6F63731C3777F2009CAC4B = {
						CreatedOnToolsVersion = 7.2;
						DevelopmentTeam = V6LK4TJZ8V;
						TestTargetID = 5C6F63541C3777F2009CAC4B;
					};
				};
			};
			buildConfigurationList = 5C6F63501C3777F2009CAC4B /* Build configuration list for PBXProject "pages" */;
			compatibilityVersion = "Xcode 3.2";
			developmentRegion = English;
			hasScannedForEncodings = 0;
			knownRegions = (
				en,
				Base,
			);
			mainGroup = 5C6F634C1C3777F2009CAC4B;
			productRefGroup = 5C6F63561C3777F2009CAC4B /* Products */;
			projectDirPath = "";
			projectRoot = "";
			targets = (
				5C6F63541C3777F2009CAC4B /* pages */,
				5C6F63681C3777F2009CAC4B /* pagesTests */,
				5C6F63731C3777F2009CAC4B /* pagesUITests */,
			);
		};
/* End PBXProject section */

/* Begin PBXResourcesBuildPhase section */
		5C6F63531C3777F2009CAC4B /* Resources */ = {
			isa = PBXResourcesBuildPhase;
			buildActionMask = 2147483647;
			files = (
				5C6F63631C3777F2009CAC4B /* LaunchScreen.storyboard in Resources */,
				5C6F63601C3777F2009CAC4B /* Assets.xcassets in Resources */,
				5C6F635E1C3777F2009CAC4B /* Main.storyboard in Resources */,
			);
			runOnlyForDeploymentPostprocessing = 0;
		};
		5C6F63671C3777F2009CAC4B /* Resources */ = {
			isa = PBXResourcesBuildPhase;
			buildActionMask = 2147483647;
			files = (
			);
			runOnlyForDeploymentPostprocessing = 0;
		};
		5C6F63721C3777F2009CAC4B /* Resources */ = {
			isa = PBXResourcesBuildPhase;
			buildActionMask = 2147483647;
			files = (
			);
			runOnlyForDeploymentPostprocessing = 0;
		};
/* End PBXResourcesBuildPhase section */

/* Begin PBXSourcesBuildPhase section */
		5C6F63511C3777F2009CAC4B /* Sources */ = {
			isa = PBXSourcesBuildPhase;
			buildActionMask = 2147483647;
			files = (
				5C6F638A1C37793C009CAC4B /* PlayViewController.swift in Sources */,
				5C6F635B1C3777F2009CAC4B /* ViewController.swift in Sources */,
				5C6F63591C3777F2009CAC4B /* AppDelegate.swift in Sources */,
				5C6F63871C377923009CAC4B /* SettingsViewController.swift in Sources */,
			);
			runOnlyForDeploymentPostprocessing = 0;
		};
		5C6F63651C3777F2009CAC4B /* Sources */ = {
			isa = PBXSourcesBuildPhase;
			buildActionMask = 2147483647;
			files = (
				5C6F636E1C3777F2009CAC4B /* pagesTests.swift in Sources */,
			);
			runOnlyForDeploymentPostprocessing = 0;
		};
		5C6F63701C3777F2009CAC4B /* Sources */ = {
			isa = PBXSourcesBuildPhase;
			buildActionMask = 2147483647;
			files = (
				5C6F63791C3777F2009CAC4B /* pagesUITests.swift in Sources */,
			);
			runOnlyForDeploymentPostprocessing = 0;
		};
/* End PBXSourcesBuildPhase section */

/* Begin PBXTargetDependency section */
		5C6F636B1C3777F2009CAC4B /* PBXTargetDependency */ = {
			isa = PBXTargetDependency;
			target = 5C6F63541C3777F2009CAC4B /* pages */;
			targetProxy = 5C6F636A1C3777F2009CAC4B /* PBXContainerItemProxy */;
		};
		5C6F63761C3777F2009CAC4B /* PBXTargetDependency */ = {
			isa = PBXTargetDependency;
			target = 5C6F63541C3777F2009CAC4B /* pages */;
			targetProxy = 5C6F63751C3777F2009CAC4B /* PBXContainerItemProxy */;
		};
/* End PBXTargetDependency section */

/* Begin PBXVariantGroup section */
		5C6F635C1C3777F2009CAC4B /* Main.storyboard */ = {
			isa = PBXVariantGroup;
			children = (
				5C6F635D1C3777F2009CAC4B /* Base */,
			);
			name = Main.storyboard;
			sourceTree = "<group>";
		};
		5C6F63611C3777F2009CAC4B /* LaunchScreen.storyboard */ = {
			isa = PBXVariantGroup;
			children = (
				5C6F63621C3777F2009CAC4B /* Base */,
			);
			name = LaunchScreen.storyboard;
			sourceTree = "<group>";
		};
/* End PBXVariantGroup section */

/* Begin XCBuildConfiguration section */
		5C6F637B1C3777F2009CAC4B /* Debug */ = {
			isa = XCBuildConfiguration;
			buildSettings = {
				ALWAYS_SEARCH_USER_PATHS = NO;
				CLANG_CXX_LANGUAGE_STANDARD = "gnu++0x";
				CLANG_CXX_LIBRARY = "libc++";
				CLANG_ENABLE_MODULES = YES;
				CLANG_ENABLE_OBJC_ARC = YES;
				CLANG_WARN_BOOL_CONVERSION = YES;
				CLANG_WARN_CONSTANT_CONVERSION = YES;
				CLANG_WARN_DIRECT_OBJC_ISA_USAGE = YES_ERROR;
				CLANG_WARN_EMPTY_BODY = YES;
				CLANG_WARN_ENUM_CONVERSION = YES;
				CLANG_WARN_INT_CONVERSION = YES;
				CLANG_WARN_OBJC_ROOT_CLASS = YES_ERROR;
				CLANG_WARN_UNREACHABLE_CODE = YES;
				CLANG_WARN__DUPLICATE_METHOD_MATCH = YES;
				"CODE_SIGN_IDENTITY[sdk=iphoneos*]" = "iPhone Developer";
				COPY_PHASE_STRIP = NO;
				DEBUG_INFORMATION_FORMAT = dwarf;
				ENABLE_STRICT_OBJC_MSGSEND = YES;
				ENABLE_TESTABILITY = YES;
				GCC_C_LANGUAGE_STANDARD = gnu99;
				GCC_DYNAMIC_NO_PIC = NO;
				GCC_NO_COMMON_BLOCKS = YES;
				GCC_OPTIMIZATION_LEVEL = 0;
				GCC_PREPROCESSOR_DEFINITIONS = (
					"DEBUG=1",
					"$(inherited)",
				);
				GCC_WARN_64_TO_32_BIT_CONVERSION = YES;
				GCC_WARN_ABOUT_RETURN_TYPE = YES_ERROR;
				GCC_WARN_UNDECLARED_SELECTOR = YES;
				GCC_WARN_UNINITIALIZED_AUTOS = YES_AGGRESSIVE;
				GCC_WARN_UNUSED_FUNCTION = YES;
				GCC_WARN_UNUSED_VARIABLE = YES;
				IPHONEOS_DEPLOYMENT_TARGET = 9.2;
				MTL_ENABLE_DEBUG_INFO = YES;
				ONLY_ACTIVE_ARCH = YES;
				SDKROOT = iphoneos;
				SWIFT_OPTIMIZATION_LEVEL = "-Onone";
			};
			name = Debug;
		};
		5C6F637C1C3777F2009CAC4B /* Release */ = {
			isa = XCBuildConfiguration;
			buildSettings = {
				ALWAYS_SEARCH_USER_PATHS = NO;
				CLANG_CXX_LANGUAGE_STANDARD = "gnu++0x";
				CLANG_CXX_LIBRARY = "libc++";
				CLANG_ENABLE_MODULES = YES;
				CLANG_ENABLE_OBJC_ARC = YES;
				CLANG_WARN_BOOL_CONVERSION = YES;
				CLANG_WARN_CONSTANT_CONVERSION = YES;
				CLANG_WARN_DIRECT_OBJC_ISA_USAGE = YES_ERROR;
				CLANG_WARN_EMPTY_BODY = YES;
				CLANG_WARN_ENUM_CONVERSION = YES;
				CLANG_WARN_INT_CONVERSION = YES;
				CLANG_WARN_OBJC_ROOT_CLASS = YES_ERROR;
				CLANG_WARN_UNREACHABLE_CODE = YES;
				CLANG_WARN__DUPLICATE_METHOD_MATCH = YES;
				"CODE_SIGN_IDENTITY[sdk=iphoneos*]" = "iPhone Developer";
				COPY_PHASE_STRIP = NO;
				DEBUG_INFORMATION_FORMAT = "dwarf-with-dsym";
				ENABLE_NS_ASSERTIONS = NO;
				ENABLE_STRICT_OBJC_MSGSEND = YES;
				GCC_C_LANGUAGE_STANDARD = gnu99;
				GCC_NO_COMMON_BLOCKS = YES;
				GCC_WARN_64_TO_32_BIT_CONVERSION = YES;
				GCC_WARN_ABOUT_RETURN_TYPE = YES_ERROR;
				GCC_WARN_UNDECLARED_SELECTOR = YES;
				GCC_WARN_UNINITIALIZED_AUTOS = YES_AGGRESSIVE;
				GCC_WARN_UNUSED_FUNCTION = YES;
				GCC_WARN_UNUSED_VARIABLE = YES;
				IPHONEOS_DEPLOYMENT_TARGET = 9.2;
				MTL_ENABLE_DEBUG_INFO = NO;
				SDKROOT = iphoneos;
				VALIDATE_PRODUCT = YES;
			};
			name = Release;
		};
		5C6F637E1C3777F2009CAC4B /* Debug */ = {
			isa = XCBuildConfiguration;
			buildSettings = {
				ASSETCATALOG_COMPILER_APPICON_NAME = AppIcon;
				INFOPLIST_FILE = pages/Info.plist;
				LD_RUNPATH_SEARCH_PATHS = "$(inherited) @executable_path/Frameworks";
				PRODUCT_BUNDLE_IDENTIFIER = mario.pages;
				PRODUCT_NAME = "$(TARGET_NAME)";
				TARGETED_DEVICE_FAMILY = 1;
			};
			name = Debug;
		};
		5C6F637F1C3777F2009CAC4B /* Release */ = {
			isa = XCBuildConfiguration;
			buildSettings = {
				ASSETCATALOG_COMPILER_APPICON_NAME = AppIcon;
				INFOPLIST_FILE = pages/Info.plist;
				LD_RUNPATH_SEARCH_PATHS = "$(inherited) @executable_path/Frameworks";
				PRODUCT_BUNDLE_IDENTIFIER = mario.pages;
				PRODUCT_NAME = "$(TARGET_NAME)";
				TARGETED_DEVICE_FAMILY = 1;
			};
			name = Release;
		};
		5C6F63811C3777F2009CAC4B /* Debug */ = {
			isa = XCBuildConfiguration;
			buildSettings = {
				BUNDLE_LOADER = "$(TEST_HOST)";
				INFOPLIST_FILE = pagesTests/Info.plist;
				LD_RUNPATH_SEARCH_PATHS = "$(inherited) @executable_path/Frameworks @loader_path/Frameworks";
				PRODUCT_BUNDLE_IDENTIFIER = mario.pagesTests;
				PRODUCT_NAME = "$(TARGET_NAME)";
				TEST_HOST = "$(BUILT_PRODUCTS_DIR)/pages.app/pages";
			};
			name = Debug;
		};
		5C6F63821C3777F2009CAC4B /* Release */ = {
			isa = XCBuildConfiguration;
			buildSettings = {
				BUNDLE_LOADER = "$(TEST_HOST)";
				INFOPLIST_FILE = pagesTests/Info.plist;
				LD_RUNPATH_SEARCH_PATHS = "$(inherited) @executable_path/Frameworks @loader_path/Frameworks";
				PRODUCT_BUNDLE_IDENTIFIER = mario.pagesTests;
				PRODUCT_NAME = "$(TARGET_NAME)";
				TEST_HOST = "$(BUILT_PRODUCTS_DIR)/pages.app/pages";
			};
			name = Release;
		};
		5C6F63841C3777F2009CAC4B /* Debug */ = {
			isa = XCBuildConfiguration;
			buildSettings = {
				INFOPLIST_FILE = pagesUITests/Info.plist;
				LD_RUNPATH_SEARCH_PATHS = "$(inherited) @executable_path/Frameworks @loader_path/Frameworks";
				PRODUCT_BUNDLE_IDENTIFIER = mario.pagesUITests;
				PRODUCT_NAME = "$(TARGET_NAME)";
				TEST_TARGET_NAME = pages;
				USES_XCTRUNNER = YES;
			};
			name = Debug;
		};
		5C6F63851C3777F2009CAC4B /* Release */ = {
			isa = XCBuildConfiguration;
			buildSettings = {
				INFOPLIST_FILE = pagesUITests/Info.plist;
				LD_RUNPATH_SEARCH_PATHS = "$(inherited) @executable_path/Frameworks @loader_path/Frameworks";
				PRODUCT_BUNDLE_IDENTIFIER = mario.pagesUITests;
				PRODUCT_NAME = "$(TARGET_NAME)";
				TEST_TARGET_NAME = pages;
				USES_XCTRUNNER = YES;
			};
			name = Release;
		};
/* End XCBuildConfiguration section */

/* Begin XCConfigurationList section */
		5C6F63501C3777F2009CAC4B /* Build configuration list for PBXProject "pages" */ = {
			isa = XCConfigurationList;
			buildConfigurations = (
				5C6F637B1C3777F2009CAC4B /* Debug */,
				5C6F637C1C3777F2009CAC4B /* Release */,
			);
			defaultConfigurationIsVisible = 0;
			defaultConfigurationName = Release;
		};
		5C6F637D1C3777F2009CAC4B /* Build configuration list for PBXNativeTarget "pages" */ = {
			isa = XCConfigurationList;
			buildConfigurations = (
				5C6F637E1C3777F2009CAC4B /* Debug */,
				5C6F637F1C3777F2009CAC4B /* Release */,
			);
			defaultConfigurationIsVisible = 0;
		};
		5C6F63801C3777F2009CAC4B /* Build configuration list for PBXNativeTarget "pagesTests" */ = {
			isa = XCConfigurationList;
			buildConfigurations = (
				5C6F63811C3777F2009CAC4B /* Debug */,
				5C6F63821C3777F2009CAC4B /* Release */,
			);
			defaultConfigurationIsVisible = 0;
		};
		5C6F63831C3777F2009CAC4B /* Build configuration list for PBXNativeTarget "pagesUITests" */ = {
			isa = XCConfigurationList;
			buildConfigurations = (
				5C6F63841C3777F2009CAC4B /* Debug */,
				5C6F63851C3777F2009CAC4B /* Release */,
			);
			defaultConfigurationIsVisible = 0;
		};
/* End XCConfigurationList section */
	};
	rootObject = 5C6F634D1C3777F2009CAC4B /* Project object */;
}
