// !$*UTF8*$!
{
	archiveVersion = 1;
	classes = {
	};
	objectVersion = 46;
	objects = {

/* Begin PBXBuildFile section */
		5CEC97DA1D749EFA008ED3E5 /* AppDelegate.swift in Sources */ = {isa = PBXBuildFile; fileRef = 5CEC97D91D749EFA008ED3E5 /* AppDelegate.swift */; };
		5CEC97DC1D749EFA008ED3E5 /* ViewController.swift in Sources */ = {isa = PBXBuildFile; fileRef = 5CEC97DB1D749EFA008ED3E5 /* ViewController.swift */; };
		5CEC97DF1D749EFA008ED3E5 /* Main.storyboard in Resources */ = {isa = PBXBuildFile; fileRef = 5CEC97DD1D749EFA008ED3E5 /* Main.storyboard */; };
		5CEC97E11D749EFA008ED3E5 /* Assets.xcassets in Resources */ = {isa = PBXBuildFile; fileRef = 5CEC97E01D749EFA008ED3E5 /* Assets.xcassets */; };
		5CEC97E41D749EFA008ED3E5 /* LaunchScreen.storyboard in Resources */ = {isa = PBXBuildFile; fileRef = 5CEC97E21D749EFA008ED3E5 /* LaunchScreen.storyboard */; };
		5CEC97EF1D749EFA008ED3E5 /* Test2Tests.swift in Sources */ = {isa = PBXBuildFile; fileRef = 5CEC97EE1D749EFA008ED3E5 /* Test2Tests.swift */; };
		5CEC97FA1D749EFA008ED3E5 /* Test2UITests.swift in Sources */ = {isa = PBXBuildFile; fileRef = 5CEC97F91D749EFA008ED3E5 /* Test2UITests.swift */; };
/* End PBXBuildFile section */

/* Begin PBXContainerItemProxy section */
		5CEC97EB1D749EFA008ED3E5 /* PBXContainerItemProxy */ = {
			isa = PBXContainerItemProxy;
			containerPortal = 5CEC97CE1D749EFA008ED3E5 /* Project object */;
			proxyType = 1;
			remoteGlobalIDString = 5CEC97D51D749EFA008ED3E5;
			remoteInfo = Test2;
		};
		5CEC97F61D749EFA008ED3E5 /* PBXContainerItemProxy */ = {
			isa = PBXContainerItemProxy;
			containerPortal = 5CEC97CE1D749EFA008ED3E5 /* Project object */;
			proxyType = 1;
			remoteGlobalIDString = 5CEC97D51D749EFA008ED3E5;
			remoteInfo = Test2;
		};
/* End PBXContainerItemProxy section */

/* Begin PBXFileReference section */
		5CEC97D61D749EFA008ED3E5 /* Test2.app */ = {isa = PBXFileReference; explicitFileType = wrapper.application; includeInIndex = 0; path = Test2.app; sourceTree = BUILT_PRODUCTS_DIR; };
		5CEC97D91D749EFA008ED3E5 /* AppDelegate.swift */ = {isa = PBXFileReference; lastKnownFileType = sourcecode.swift; path = AppDelegate.swift; sourceTree = "<group>"; };
		5CEC97DB1D749EFA008ED3E5 /* ViewController.swift */ = {isa = PBXFileReference; lastKnownFileType = sourcecode.swift; path = ViewController.swift; sourceTree = "<group>"; };
		5CEC97DE1D749EFA008ED3E5 /* Base */ = {isa = PBXFileReference; lastKnownFileType = file.storyboard; name = Base; path = Base.lproj/Main.storyboard; sourceTree = "<group>"; };
		5CEC97E01D749EFA008ED3E5 /* Assets.xcassets */ = {isa = PBXFileReference; lastKnownFileType = folder.assetcatalog; path = Assets.xcassets; sourceTree = "<group>"; };
		5CEC97E31D749EFA008ED3E5 /* Base */ = {isa = PBXFileReference; lastKnownFileType = file.storyboard; name = Base; path = Base.lproj/LaunchScreen.storyboard; sourceTree = "<group>"; };
		5CEC97E51D749EFA008ED3E5 /* Info.plist */ = {isa = PBXFileReference; lastKnownFileType = text.plist.xml; path = Info.plist; sourceTree = "<group>"; };
		5CEC97EA1D749EFA008ED3E5 /* Test2Tests.xctest */ = {isa = PBXFileReference; explicitFileType = wrapper.cfbundle; includeInIndex = 0; path = Test2Tests.xctest; sourceTree = BUILT_PRODUCTS_DIR; };
		5CEC97EE1D749EFA008ED3E5 /* Test2Tests.swift */ = {isa = PBXFileReference; lastKnownFileType = sourcecode.swift; path = Test2Tests.swift; sourceTree = "<group>"; };
		5CEC97F01D749EFA008ED3E5 /* Info.plist */ = {isa = PBXFileReference; lastKnownFileType = text.plist.xml; path = Info.plist; sourceTree = "<group>"; };
		5CEC97F51D749EFA008ED3E5 /* Test2UITests.xctest */ = {isa = PBXFileReference; explicitFileType = wrapper.cfbundle; includeInIndex = 0; path = Test2UITests.xctest; sourceTree = BUILT_PRODUCTS_DIR; };
		5CEC97F91D749EFA008ED3E5 /* Test2UITests.swift */ = {isa = PBXFileReference; lastKnownFileType = sourcecode.swift; path = Test2UITests.swift; sourceTree = "<group>"; };
		5CEC97FB1D749EFA008ED3E5 /* Info.plist */ = {isa = PBXFileReference; lastKnownFileType = text.plist.xml; path = Info.plist; sourceTree = "<group>"; };
/* End PBXFileReference section */

/* Begin PBXFrameworksBuildPhase section */
		5CEC97D31D749EFA008ED3E5 /* Frameworks */ = {
			isa = PBXFrameworksBuildPhase;
			buildActionMask = 2147483647;
			files = (
			);
			runOnlyForDeploymentPostprocessing = 0;
		};
		5CEC97E71D749EFA008ED3E5 /* Frameworks */ = {
			isa = PBXFrameworksBuildPhase;
			buildActionMask = 2147483647;
			files = (
			);
			runOnlyForDeploymentPostprocessing = 0;
		};
		5CEC97F21D749EFA008ED3E5 /* Frameworks */ = {
			isa = PBXFrameworksBuildPhase;
			buildActionMask = 2147483647;
			files = (
			);
			runOnlyForDeploymentPostprocessing = 0;
		};
/* End PBXFrameworksBuildPhase section */

/* Begin PBXGroup section */
		5CEC97CD1D749EFA008ED3E5 = {
			isa = PBXGroup;
			children = (
				5CEC97D81D749EFA008ED3E5 /* Test2 */,
				5CEC97ED1D749EFA008ED3E5 /* Test2Tests */,
				5CEC97F81D749EFA008ED3E5 /* Test2UITests */,
				5CEC97D71D749EFA008ED3E5 /* Products */,
			);
			sourceTree = "<group>";
		};
		5CEC97D71D749EFA008ED3E5 /* Products */ = {
			isa = PBXGroup;
			children = (
				5CEC97D61D749EFA008ED3E5 /* Test2.app */,
				5CEC97EA1D749EFA008ED3E5 /* Test2Tests.xctest */,
				5CEC97F51D749EFA008ED3E5 /* Test2UITests.xctest */,
			);
			name = Products;
			sourceTree = "<group>";
		};
		5CEC97D81D749EFA008ED3E5 /* Test2 */ = {
			isa = PBXGroup;
			children = (
				5CEC97D91D749EFA008ED3E5 /* AppDelegate.swift */,
				5CEC97DB1D749EFA008ED3E5 /* ViewController.swift */,
				5CEC97DD1D749EFA008ED3E5 /* Main.storyboard */,
				5CEC97E01D749EFA008ED3E5 /* Assets.xcassets */,
				5CEC97E21D749EFA008ED3E5 /* LaunchScreen.storyboard */,
				5CEC97E51D749EFA008ED3E5 /* Info.plist */,
			);
			path = Test2;
			sourceTree = "<group>";
		};
		5CEC97ED1D749EFA008ED3E5 /* Test2Tests */ = {
			isa = PBXGroup;
			children = (
				5CEC97EE1D749EFA008ED3E5 /* Test2Tests.swift */,
				5CEC97F01D749EFA008ED3E5 /* Info.plist */,
			);
			path = Test2Tests;
			sourceTree = "<group>";
		};
		5CEC97F81D749EFA008ED3E5 /* Test2UITests */ = {
			isa = PBXGroup;
			children = (
				5CEC97F91D749EFA008ED3E5 /* Test2UITests.swift */,
				5CEC97FB1D749EFA008ED3E5 /* Info.plist */,
			);
			path = Test2UITests;
			sourceTree = "<group>";
		};
/* End PBXGroup section */

/* Begin PBXNativeTarget section */
		5CEC97D51D749EFA008ED3E5 /* Test2 */ = {
			isa = PBXNativeTarget;
			buildConfigurationList = 5CEC97FE1D749EFA008ED3E5 /* Build configuration list for PBXNativeTarget "Test2" */;
			buildPhases = (
				5CEC97D21D749EFA008ED3E5 /* Sources */,
				5CEC97D31D749EFA008ED3E5 /* Frameworks */,
				5CEC97D41D749EFA008ED3E5 /* Resources */,
			);
			buildRules = (
			);
			dependencies = (
			);
			name = Test2;
			productName = Test2;
			productReference = 5CEC97D61D749EFA008ED3E5 /* Test2.app */;
			productType = "com.apple.product-type.application";
		};
		5CEC97E91D749EFA008ED3E5 /* Test2Tests */ = {
			isa = PBXNativeTarget;
			buildConfigurationList = 5CEC98011D749EFA008ED3E5 /* Build configuration list for PBXNativeTarget "Test2Tests" */;
			buildPhases = (
				5CEC97E61D749EFA008ED3E5 /* Sources */,
				5CEC97E71D749EFA008ED3E5 /* Frameworks */,
				5CEC97E81D749EFA008ED3E5 /* Resources */,
			);
			buildRules = (
			);
			dependencies = (
				5CEC97EC1D749EFA008ED3E5 /* PBXTargetDependency */,
			);
			name = Test2Tests;
			productName = Test2Tests;
			productReference = 5CEC97EA1D749EFA008ED3E5 /* Test2Tests.xctest */;
			productType = "com.apple.product-type.bundle.unit-test";
		};
		5CEC97F41D749EFA008ED3E5 /* Test2UITests */ = {
			isa = PBXNativeTarget;
			buildConfigurationList = 5CEC98041D749EFA008ED3E5 /* Build configuration list for PBXNativeTarget "Test2UITests" */;
			buildPhases = (
				5CEC97F11D749EFA008ED3E5 /* Sources */,
				5CEC97F21D749EFA008ED3E5 /* Frameworks */,
				5CEC97F31D749EFA008ED3E5 /* Resources */,
			);
			buildRules = (
			);
			dependencies = (
				5CEC97F71D749EFA008ED3E5 /* PBXTargetDependency */,
			);
			name = Test2UITests;
			productName = Test2UITests;
			productReference = 5CEC97F51D749EFA008ED3E5 /* Test2UITests.xctest */;
			productType = "com.apple.product-type.bundle.ui-testing";
		};
/* End PBXNativeTarget section */

/* Begin PBXProject section */
		5CEC97CE1D749EFA008ED3E5 /* Project object */ = {
			isa = PBXProject;
			attributes = {
				LastSwiftUpdateCheck = 0720;
				LastUpgradeCheck = 0720;
				ORGANIZATIONNAME = "Mario J Merendino";
				TargetAttributes = {
					5CEC97D51D749EFA008ED3E5 = {
						CreatedOnToolsVersion = 7.2.1;
						DevelopmentTeam = V6LK4TJZ8V;
					};
					5CEC97E91D749EFA008ED3E5 = {
						CreatedOnToolsVersion = 7.2.1;
						DevelopmentTeam = V6LK4TJZ8V;
						TestTargetID = 5CEC97D51D749EFA008ED3E5;
					};
					5CEC97F41D749EFA008ED3E5 = {
						CreatedOnToolsVersion = 7.2.1;
						DevelopmentTeam = V6LK4TJZ8V;
						TestTargetID = 5CEC97D51D749EFA008ED3E5;
					};
				};
			};
			buildConfigurationList = 5CEC97D11D749EFA008ED3E5 /* Build configuration list for PBXProject "Test2" */;
			compatibilityVersion = "Xcode 3.2";
			developmentRegion = English;
			hasScannedForEncodings = 0;
			knownRegions = (
				en,
				Base,
			);
			mainGroup = 5CEC97CD1D749EFA008ED3E5;
			productRefGroup = 5CEC97D71D749EFA008ED3E5 /* Products */;
			projectDirPath = "";
			projectRoot = "";
			targets = (
				5CEC97D51D749EFA008ED3E5 /* Test2 */,
				5CEC97E91D749EFA008ED3E5 /* Test2Tests */,
				5CEC97F41D749EFA008ED3E5 /* Test2UITests */,
			);
		};
/* End PBXProject section */

/* Begin PBXResourcesBuildPhase section */
		5CEC97D41D749EFA008ED3E5 /* Resources */ = {
			isa = PBXResourcesBuildPhase;
			buildActionMask = 2147483647;
			files = (
				5CEC97E41D749EFA008ED3E5 /* LaunchScreen.storyboard in Resources */,
				5CEC97E11D749EFA008ED3E5 /* Assets.xcassets in Resources */,
				5CEC97DF1D749EFA008ED3E5 /* Main.storyboard in Resources */,
			);
			runOnlyForDeploymentPostprocessing = 0;
		};
		5CEC97E81D749EFA008ED3E5 /* Resources */ = {
			isa = PBXResourcesBuildPhase;
			buildActionMask = 2147483647;
			files = (
			);
			runOnlyForDeploymentPostprocessing = 0;
		};
		5CEC97F31D749EFA008ED3E5 /* Resources */ = {
			isa = PBXResourcesBuildPhase;
			buildActionMask = 2147483647;
			files = (
			);
			runOnlyForDeploymentPostprocessing = 0;
		};
/* End PBXResourcesBuildPhase section */

/* Begin PBXSourcesBuildPhase section */
		5CEC97D21D749EFA008ED3E5 /* Sources */ = {
			isa = PBXSourcesBuildPhase;
			buildActionMask = 2147483647;
			files = (
				5CEC97DC1D749EFA008ED3E5 /* ViewController.swift in Sources */,
				5CEC97DA1D749EFA008ED3E5 /* AppDelegate.swift in Sources */,
			);
			runOnlyForDeploymentPostprocessing = 0;
		};
		5CEC97E61D749EFA008ED3E5 /* Sources */ = {
			isa = PBXSourcesBuildPhase;
			buildActionMask = 2147483647;
			files = (
				5CEC97EF1D749EFA008ED3E5 /* Test2Tests.swift in Sources */,
			);
			runOnlyForDeploymentPostprocessing = 0;
		};
		5CEC97F11D749EFA008ED3E5 /* Sources */ = {
			isa = PBXSourcesBuildPhase;
			buildActionMask = 2147483647;
			files = (
				5CEC97FA1D749EFA008ED3E5 /* Test2UITests.swift in Sources */,
			);
			runOnlyForDeploymentPostprocessing = 0;
		};
/* End PBXSourcesBuildPhase section */

/* Begin PBXTargetDependency section */
		5CEC97EC1D749EFA008ED3E5 /* PBXTargetDependency */ = {
			isa = PBXTargetDependency;
			target = 5CEC97D51D749EFA008ED3E5 /* Test2 */;
			targetProxy = 5CEC97EB1D749EFA008ED3E5 /* PBXContainerItemProxy */;
		};
		5CEC97F71D749EFA008ED3E5 /* PBXTargetDependency */ = {
			isa = PBXTargetDependency;
			target = 5CEC97D51D749EFA008ED3E5 /* Test2 */;
			targetProxy = 5CEC97F61D749EFA008ED3E5 /* PBXContainerItemProxy */;
		};
/* End PBXTargetDependency section */

/* Begin PBXVariantGroup section */
		5CEC97DD1D749EFA008ED3E5 /* Main.storyboard */ = {
			isa = PBXVariantGroup;
			children = (
				5CEC97DE1D749EFA008ED3E5 /* Base */,
			);
			name = Main.storyboard;
			sourceTree = "<group>";
		};
		5CEC97E21D749EFA008ED3E5 /* LaunchScreen.storyboard */ = {
			isa = PBXVariantGroup;
			children = (
				5CEC97E31D749EFA008ED3E5 /* Base */,
			);
			name = LaunchScreen.storyboard;
			sourceTree = "<group>";
		};
/* End PBXVariantGroup section */

/* Begin XCBuildConfiguration section */
		5CEC97FC1D749EFA008ED3E5 /* Debug */ = {
			isa = XCBuildConfiguration;
			buildSettings = {
				ALWAYS_SEARCH_USER_PATHS = NO;
				CLANG_CXX_LANGUAGE_STANDARD = "gnu++0x";
				CLANG_CXX_LIBRARY = "libc++";
				CLANG_ENABLE_MODULES = YES;
				CLANG_ENABLE_OBJC_ARC = YES;
				CLANG_WARN_BOOL_CONVERSION = YES;
				CLANG_WARN_CONSTANT_CONVERSION = YES;
				CLANG_WARN_DIRECT_OBJC_ISA_USAGE = YES_ERROR;
				CLANG_WARN_EMPTY_BODY = YES;
				CLANG_WARN_ENUM_CONVERSION = YES;
				CLANG_WARN_INT_CONVERSION = YES;
				CLANG_WARN_OBJC_ROOT_CLASS = YES_ERROR;
				CLANG_WARN_UNREACHABLE_CODE = YES;
				CLANG_WARN__DUPLICATE_METHOD_MATCH = YES;
				"CODE_SIGN_IDENTITY[sdk=iphoneos*]" = "iPhone Developer";
				COPY_PHASE_STRIP = NO;
				DEBUG_INFORMATION_FORMAT = dwarf;
				ENABLE_STRICT_OBJC_MSGSEND = YES;
				ENABLE_TESTABILITY = YES;
				GCC_C_LANGUAGE_STANDARD = gnu99;
				GCC_DYNAMIC_NO_PIC = NO;
				GCC_NO_COMMON_BLOCKS = YES;
				GCC_OPTIMIZATION_LEVEL = 0;
				GCC_PREPROCESSOR_DEFINITIONS = (
					"DEBUG=1",
					"$(inherited)",
				);
				GCC_WARN_64_TO_32_BIT_CONVERSION = YES;
				GCC_WARN_ABOUT_RETURN_TYPE = YES_ERROR;
				GCC_WARN_UNDECLARED_SELECTOR = YES;
				GCC_WARN_UNINITIALIZED_AUTOS = YES_AGGRESSIVE;
				GCC_WARN_UNUSED_FUNCTION = YES;
				GCC_WARN_UNUSED_VARIABLE = YES;
				IPHONEOS_DEPLOYMENT_TARGET = 9.2;
				MTL_ENABLE_DEBUG_INFO = YES;
				ONLY_ACTIVE_ARCH = YES;
				SDKROOT = iphoneos;
				SWIFT_OPTIMIZATION_LEVEL = "-Onone";
			};
			name = Debug;
		};
		5CEC97FD1D749EFA008ED3E5 /* Release */ = {
			isa = XCBuildConfiguration;
			buildSettings = {
				ALWAYS_SEARCH_USER_PATHS = NO;
				CLANG_CXX_LANGUAGE_STANDARD = "gnu++0x";
				CLANG_CXX_LIBRARY = "libc++";
				CLANG_ENABLE_MODULES = YES;
				CLANG_ENABLE_OBJC_ARC = YES;
				CLANG_WARN_BOOL_CONVERSION = YES;
				CLANG_WARN_CONSTANT_CONVERSION = YES;
				CLANG_WARN_DIRECT_OBJC_ISA_USAGE = YES_ERROR;
				CLANG_WARN_EMPTY_BODY = YES;
				CLANG_WARN_ENUM_CONVERSION = YES;
				CLANG_WARN_INT_CONVERSION = YES;
				CLANG_WARN_OBJC_ROOT_CLASS = YES_ERROR;
				CLANG_WARN_UNREACHABLE_CODE = YES;
				CLANG_WARN__DUPLICATE_METHOD_MATCH = YES;
				"CODE_SIGN_IDENTITY[sdk=iphoneos*]" = "iPhone Developer";
				COPY_PHASE_STRIP = NO;
				DEBUG_INFORMATION_FORMAT = "dwarf-with-dsym";
				ENABLE_NS_ASSERTIONS = NO;
				ENABLE_STRICT_OBJC_MSGSEND = YES;
				GCC_C_LANGUAGE_STANDARD = gnu99;
				GCC_NO_COMMON_BLOCKS = YES;
				GCC_WARN_64_TO_32_BIT_CONVERSION = YES;
				GCC_WARN_ABOUT_RETURN_TYPE = YES_ERROR;
				GCC_WARN_UNDECLARED_SELECTOR = YES;
				GCC_WARN_UNINITIALIZED_AUTOS = YES_AGGRESSIVE;
				GCC_WARN_UNUSED_FUNCTION = YES;
				GCC_WARN_UNUSED_VARIABLE = YES;
				IPHONEOS_DEPLOYMENT_TARGET = 9.2;
				MTL_ENABLE_DEBUG_INFO = NO;
				SDKROOT = iphoneos;
				VALIDATE_PRODUCT = YES;
			};
			name = Release;
		};
		5CEC97FF1D749EFA008ED3E5 /* Debug */ = {
			isa = XCBuildConfiguration;
			buildSettings = {
				ASSETCATALOG_COMPILER_APPICON_NAME = AppIcon;
				INFOPLIST_FILE = Test2/Info.plist;
				LD_RUNPATH_SEARCH_PATHS = "$(inherited) @executable_path/Frameworks";
				PRODUCT_BUNDLE_IDENTIFIER = mario.Test2;
				PRODUCT_NAME = "$(TARGET_NAME)";
			};
			name = Debug;
		};
		5CEC98001D749EFA008ED3E5 /* Release */ = {
			isa = XCBuildConfiguration;
			buildSettings = {
				ASSETCATALOG_COMPILER_APPICON_NAME = AppIcon;
				INFOPLIST_FILE = Test2/Info.plist;
				LD_RUNPATH_SEARCH_PATHS = "$(inherited) @executable_path/Frameworks";
				PRODUCT_BUNDLE_IDENTIFIER = mario.Test2;
				PRODUCT_NAME = "$(TARGET_NAME)";
			};
			name = Release;
		};
		5CEC98021D749EFA008ED3E5 /* Debug */ = {
			isa = XCBuildConfiguration;
			buildSettings = {
				BUNDLE_LOADER = "$(TEST_HOST)";
				INFOPLIST_FILE = Test2Tests/Info.plist;
				LD_RUNPATH_SEARCH_PATHS = "$(inherited) @executable_path/Frameworks @loader_path/Frameworks";
				PRODUCT_BUNDLE_IDENTIFIER = mario.Test2Tests;
				PRODUCT_NAME = "$(TARGET_NAME)";
				TEST_HOST = "$(BUILT_PRODUCTS_DIR)/Test2.app/Test2";
			};
			name = Debug;
		};
		5CEC98031D749EFA008ED3E5 /* Release */ = {
			isa = XCBuildConfiguration;
			buildSettings = {
				BUNDLE_LOADER = "$(TEST_HOST)";
				INFOPLIST_FILE = Test2Tests/Info.plist;
				LD_RUNPATH_SEARCH_PATHS = "$(inherited) @executable_path/Frameworks @loader_path/Frameworks";
				PRODUCT_BUNDLE_IDENTIFIER = mario.Test2Tests;
				PRODUCT_NAME = "$(TARGET_NAME)";
				TEST_HOST = "$(BUILT_PRODUCTS_DIR)/Test2.app/Test2";
			};
			name = Release;
		};
		5CEC98051D749EFA008ED3E5 /* Debug */ = {
			isa = XCBuildConfiguration;
			buildSettings = {
				INFOPLIST_FILE = Test2UITests/Info.plist;
				LD_RUNPATH_SEARCH_PATHS = "$(inherited) @executable_path/Frameworks @loader_path/Frameworks";
				PRODUCT_BUNDLE_IDENTIFIER = mario.Test2UITests;
				PRODUCT_NAME = "$(TARGET_NAME)";
				TEST_TARGET_NAME = Test2;
				USES_XCTRUNNER = YES;
			};
			name = Debug;
		};
		5CEC98061D749EFA008ED3E5 /* Release */ = {
			isa = XCBuildConfiguration;
			buildSettings = {
				INFOPLIST_FILE = Test2UITests/Info.plist;
				LD_RUNPATH_SEARCH_PATHS = "$(inherited) @executable_path/Frameworks @loader_path/Frameworks";
				PRODUCT_BUNDLE_IDENTIFIER = mario.Test2UITests;
				PRODUCT_NAME = "$(TARGET_NAME)";
				TEST_TARGET_NAME = Test2;
				USES_XCTRUNNER = YES;
			};
			name = Release;
		};
/* End XCBuildConfiguration section */

/* Begin XCConfigurationList section */
		5CEC97D11D749EFA008ED3E5 /* Build configuration list for PBXProject "Test2" */ = {
			isa = XCConfigurationList;
			buildConfigurations = (
				5CEC97FC1D749EFA008ED3E5 /* Debug */,
				5CEC97FD1D749EFA008ED3E5 /* Release */,
			);
			defaultConfigurationIsVisible = 0;
			defaultConfigurationName = Release;
		};
		5CEC97FE1D749EFA008ED3E5 /* Build configuration list for PBXNativeTarget "Test2" */ = {
			isa = XCConfigurationList;
			buildConfigurations = (
				5CEC97FF1D749EFA008ED3E5 /* Debug */,
				5CEC98001D749EFA008ED3E5 /* Release */,
			);
			defaultConfigurationIsVisible = 0;
		};
		5CEC98011D749EFA008ED3E5 /* Build configuration list for PBXNativeTarget "Test2Tests" */ = {
			isa = XCConfigurationList;
			buildConfigurations = (
				5CEC98021D749EFA008ED3E5 /* Debug */,
				5CEC98031D749EFA008ED3E5 /* Release */,
			);
			defaultConfigurationIsVisible = 0;
		};
		5CEC98041D749EFA008ED3E5 /* Build configuration list for PBXNativeTarget "Test2UITests" */ = {
			isa = XCConfigurationList;
			buildConfigurations = (
				5CEC98051D749EFA008ED3E5 /* Debug */,
				5CEC98061D749EFA008ED3E5 /* Release */,
			);
			defaultConfigurationIsVisible = 0;
		};
/* End XCConfigurationList section */
	};
	rootObject = 5CEC97CE1D749EFA008ED3E5 /* Project object */;
}
