// !$*UTF8*$!
{
	archiveVersion = 1;
	classes = {
	};
	objectVersion = 46;
	objects = {

/* Begin PBXBuildFile section */
		5C9C3BD41C52A7E90005762A /* main.cpp in Sources */ = {isa = PBXBuildFile; fileRef = 5C9C3BD31C52A7E90005762A /* main.cpp */; };
/* End PBXBuildFile section */

/* Begin PBXCopyFilesBuildPhase section */
		5C9C3BCE1C52A7E90005762A /* CopyFiles */ = {
			isa = PBXCopyFilesBuildPhase;
			buildActionMask = 2147483647;
			dstPath = /usr/share/man/man1/;
			dstSubfolderSpec = 0;
			files = (
			);
			runOnlyForDeploymentPostprocessing = 1;
		};
/* End PBXCopyFilesBuildPhase section */

/* Begin PBXFileReference section */
		5C9C3BD01C52A7E90005762A /* PrintDollarAmoun */ = {isa = PBXFileReference; explicitFileType = "compiled.mach-o.executable"; includeInIndex = 0; path = PrintDollarAmoun; sourceTree = BUILT_PRODUCTS_DIR; };
		5C9C3BD31C52A7E90005762A /* main.cpp */ = {isa = PBXFileReference; lastKnownFileType = sourcecode.cpp.cpp; path = main.cpp; sourceTree = "<group>"; };
/* End PBXFileReference section */

/* Begin PBXFrameworksBuildPhase section */
		5C9C3BCD1C52A7E90005762A /* Frameworks */ = {
			isa = PBXFrameworksBuildPhase;
			buildActionMask = 2147483647;
			files = (
			);
			runOnlyForDeploymentPostprocessing = 0;
		};
/* End PBXFrameworksBuildPhase section */

/* Begin PBXGroup section */
		5C9C3BC71C52A7E90005762A = {
			isa = PBXGroup;
			children = (
				5C9C3BD21C52A7E90005762A /* PrintDollarAmoun */,
				5C9C3BD11C52A7E90005762A /* Products */,
			);
			sourceTree = "<group>";
		};
		5C9C3BD11C52A7E90005762A /* Products */ = {
			isa = PBXGroup;
			children = (
				5C9C3BD01C52A7E90005762A /* PrintDollarAmoun */,
			);
			name = Products;
			sourceTree = "<group>";
		};
		5C9C3BD21C52A7E90005762A /* PrintDollarAmoun */ = {
			isa = PBXGroup;
			children = (
				5C9C3BD31C52A7E90005762A /* main.cpp */,
			);
			path = PrintDollarAmoun;
			sourceTree = "<group>";
		};
/* End PBXGroup section */

/* Begin PBXNativeTarget section */
		5C9C3BCF1C52A7E90005762A /* PrintDollarAmoun */ = {
			isa = PBXNativeTarget;
			buildConfigurationList = 5C9C3BD71C52A7E90005762A /* Build configuration list for PBXNativeTarget "PrintDollarAmoun" */;
			buildPhases = (
				5C9C3BCC1C52A7E90005762A /* Sources */,
				5C9C3BCD1C52A7E90005762A /* Frameworks */,
				5C9C3BCE1C52A7E90005762A /* CopyFiles */,
			);
			buildRules = (
			);
			dependencies = (
			);
			name = PrintDollarAmoun;
			productName = PrintDollarAmoun;
			productReference = 5C9C3BD01C52A7E90005762A /* PrintDollarAmoun */;
			productType = "com.apple.product-type.tool";
		};
/* End PBXNativeTarget section */

/* Begin PBXProject section */
		5C9C3BC81C52A7E90005762A /* Project object */ = {
			isa = PBXProject;
			attributes = {
				LastUpgradeCheck = 0720;
				ORGANIZATIONNAME = "Mario J Merendino";
				TargetAttributes = {
					5C9C3BCF1C52A7E90005762A = {
						CreatedOnToolsVersion = 7.2;
					};
				};
			};
			buildConfigurationList = 5C9C3BCB1C52A7E90005762A /* Build configuration list for PBXProject "PrintDollarAmoun" */;
			compatibilityVersion = "Xcode 3.2";
			developmentRegion = English;
			hasScannedForEncodings = 0;
			knownRegions = (
				en,
			);
			mainGroup = 5C9C3BC71C52A7E90005762A;
			productRefGroup = 5C9C3BD11C52A7E90005762A /* Products */;
			projectDirPath = "";
			projectRoot = "";
			targets = (
				5C9C3BCF1C52A7E90005762A /* PrintDollarAmoun */,
			);
		};
/* End PBXProject section */

/* Begin PBXSourcesBuildPhase section */
		5C9C3BCC1C52A7E90005762A /* Sources */ = {
			isa = PBXSourcesBuildPhase;
			buildActionMask = 2147483647;
			files = (
				5C9C3BD41C52A7E90005762A /* main.cpp in Sources */,
			);
			runOnlyForDeploymentPostprocessing = 0;
		};
/* End PBXSourcesBuildPhase section */

/* Begin XCBuildConfiguration section */
		5C9C3BD51C52A7E90005762A /* Debug */ = {
			isa = XCBuildConfiguration;
			buildSettings = {
				ALWAYS_SEARCH_USER_PATHS = NO;
				CLANG_CXX_LANGUAGE_STANDARD = "gnu++0x";
				CLANG_CXX_LIBRARY = "libc++";
				CLANG_ENABLE_MODULES = YES;
				CLANG_ENABLE_OBJC_ARC = YES;
				CLANG_WARN_BOOL_CONVERSION = YES;
				CLANG_WARN_CONSTANT_CONVERSION = YES;
				CLANG_WARN_DIRECT_OBJC_ISA_USAGE = YES_ERROR;
				CLANG_WARN_EMPTY_BODY = YES;
				CLANG_WARN_ENUM_CONVERSION = YES;
				CLANG_WARN_INT_CONVERSION = YES;
				CLANG_WARN_OBJC_ROOT_CLASS = YES_ERROR;
				CLANG_WARN_UNREACHABLE_CODE = YES;
				CLANG_WARN__DUPLICATE_METHOD_MATCH = YES;
				CODE_SIGN_IDENTITY = "-";
				COPY_PHASE_STRIP = NO;
				DEBUG_INFORMATION_FORMAT = dwarf;
				ENABLE_STRICT_OBJC_MSGSEND = YES;
				ENABLE_TESTABILITY = YES;
				GCC_C_LANGUAGE_STANDARD = gnu99;
				GCC_DYNAMIC_NO_PIC = NO;
				GCC_NO_COMMON_BLOCKS = YES;
				GCC_OPTIMIZATION_LEVEL = 0;
				GCC_PREPROCESSOR_DEFINITIONS = (
					"DEBUG=1",
					"$(inherited)",
				);
				GCC_WARN_64_TO_32_BIT_CONVERSION = YES;
				GCC_WARN_ABOUT_RETURN_TYPE = YES_ERROR;
				GCC_WARN_UNDECLARED_SELECTOR = YES;
				GCC_WARN_UNINITIALIZED_AUTOS = YES_AGGRESSIVE;
				GCC_WARN_UNUSED_FUNCTION = YES;
				GCC_WARN_UNUSED_VARIABLE = YES;
				MACOSX_DEPLOYMENT_TARGET = 10.10;
				MTL_ENABLE_DEBUG_INFO = YES;
				ONLY_ACTIVE_ARCH = YES;
				SDKROOT = macosx;
			};
			name = Debug;
		};
		5C9C3BD61C52A7E90005762A /* Release */ = {
			isa = XCBuildConfiguration;
			buildSettings = {
				ALWAYS_SEARCH_USER_PATHS = NO;
				CLANG_CXX_LANGUAGE_STANDARD = "gnu++0x";
				CLANG_CXX_LIBRARY = "libc++";
				CLANG_ENABLE_MODULES = YES;
				CLANG_ENABLE_OBJC_ARC = YES;
				CLANG_WARN_BOOL_CONVERSION = YES;
				CLANG_WARN_CONSTANT_CONVERSION = YES;
				CLANG_WARN_DIRECT_OBJC_ISA_USAGE = YES_ERROR;
				CLANG_WARN_EMPTY_BODY = YES;
				CLANG_WARN_ENUM_CONVERSION = YES;
				CLANG_WARN_INT_CONVERSION = YES;
				CLANG_WARN_OBJC_ROOT_CLASS = YES_ERROR;
				CLANG_WARN_UNREACHABLE_CODE = YES;
				CLANG_WARN__DUPLICATE_METHOD_MATCH = YES;
				CODE_SIGN_IDENTITY = "-";
				COPY_PHASE_STRIP = NO;
				DEBUG_INFORMATION_FORMAT = "dwarf-with-dsym";
				ENABLE_NS_ASSERTIONS = NO;
				ENABLE_STRICT_OBJC_MSGSEND = YES;
				GCC_C_LANGUAGE_STANDARD = gnu99;
				GCC_NO_COMMON_BLOCKS = YES;
				GCC_WARN_64_TO_32_BIT_CONVERSION = YES;
				GCC_WARN_ABOUT_RETURN_TYPE = YES_ERROR;
				GCC_WARN_UNDECLARED_SELECTOR = YES;
				GCC_WARN_UNINITIALIZED_AUTOS = YES_AGGRESSIVE;
				GCC_WARN_UNUSED_FUNCTION = YES;
				GCC_WARN_UNUSED_VARIABLE = YES;
				MACOSX_DEPLOYMENT_TARGET = 10.10;
				MTL_ENABLE_DEBUG_INFO = NO;
				SDKROOT = macosx;
			};
			name = Release;
		};
		5C9C3BD81C52A7E90005762A /* Debug */ = {
			isa = XCBuildConfiguration;
			buildSettings = {
				PRODUCT_NAME = "$(TARGET_NAME)";
			};
			name = Debug;
		};
		5C9C3BD91C52A7E90005762A /* Release */ = {
			isa = XCBuildConfiguration;
			buildSettings = {
				PRODUCT_NAME = "$(TARGET_NAME)";
			};
			name = Release;
		};
/* End XCBuildConfiguration section */

/* Begin XCConfigurationList section */
		5C9C3BCB1C52A7E90005762A /* Build configuration list for PBXProject "PrintDollarAmoun" */ = {
			isa = XCConfigurationList;
			buildConfigurations = (
				5C9C3BD51C52A7E90005762A /* Debug */,
				5C9C3BD61C52A7E90005762A /* Release */,
			);
			defaultConfigurationIsVisible = 0;
			defaultConfigurationName = Release;
		};
		5C9C3BD71C52A7E90005762A /* Build configuration list for PBXNativeTarget "PrintDollarAmoun" */ = {
			isa = XCConfigurationList;
			buildConfigurations = (
				5C9C3BD81C52A7E90005762A /* Debug */,
				5C9C3BD91C52A7E90005762A /* Release */,
			);
			defaultConfigurationIsVisible = 0;
		};
/* End XCConfigurationList section */
	};
	rootObject = 5C9C3BC81C52A7E90005762A /* Project object */;
}
