// !$*UTF8*$!
{
	archiveVersion = 1;
	classes = {
	};
	objectVersion = 46;
	objects = {

/* Begin PBXBuildFile section */
		5CB1B8971BA9DBB700307415 /* tictactoe.cpp in Sources */ = {isa = PBXBuildFile; fileRef = 5CB1B8961BA9DBB700307415 /* tictactoe.cpp */; };
/* End PBXBuildFile section */

/* Begin PBXCopyFilesBuildPhase section */
		5CB1B88A1BA9DB9600307415 /* CopyFiles */ = {
			isa = PBXCopyFilesBuildPhase;
			buildActionMask = 2147483647;
			dstPath = /usr/share/man/man1/;
			dstSubfolderSpec = 0;
			files = (
			);
			runOnlyForDeploymentPostprocessing = 1;
		};
/* End PBXCopyFilesBuildPhase section */

/* Begin PBXFileReference section */
		5CB1B88C1BA9DB9600307415 /* TicTac */ = {isa = PBXFileReference; explicitFileType = "compiled.mach-o.executable"; includeInIndex = 0; path = TicTac; sourceTree = BUILT_PRODUCTS_DIR; };
		5CB1B8961BA9DBB700307415 /* tictactoe.cpp */ = {isa = PBXFileReference; fileEncoding = 4; lastKnownFileType = sourcecode.cpp.cpp; name = tictactoe.cpp; path = ../../../tictactoe.cpp; sourceTree = "<group>"; };
/* End PBXFileReference section */

/* Begin PBXFrameworksBuildPhase section */
		5CB1B8891BA9DB9600307415 /* Frameworks */ = {
			isa = PBXFrameworksBuildPhase;
			buildActionMask = 2147483647;
			files = (
			);
			runOnlyForDeploymentPostprocessing = 0;
		};
/* End PBXFrameworksBuildPhase section */

/* Begin PBXGroup section */
		5CB1B8831BA9DB9600307415 = {
			isa = PBXGroup;
			children = (
				5CB1B88E1BA9DB9600307415 /* TicTac */,
				5CB1B88D1BA9DB9600307415 /* Products */,
			);
			sourceTree = "<group>";
		};
		5CB1B88D1BA9DB9600307415 /* Products */ = {
			isa = PBXGroup;
			children = (
				5CB1B88C1BA9DB9600307415 /* TicTac */,
			);
			name = Products;
			sourceTree = "<group>";
		};
		5CB1B88E1BA9DB9600307415 /* TicTac */ = {
			isa = PBXGroup;
			children = (
				5CB1B8961BA9DBB700307415 /* tictactoe.cpp */,
			);
			path = TicTac;
			sourceTree = "<group>";
		};
/* End PBXGroup section */

/* Begin PBXNativeTarget section */
		5CB1B88B1BA9DB9600307415 /* TicTac */ = {
			isa = PBXNativeTarget;
			buildConfigurationList = 5CB1B8931BA9DB9600307415 /* Build configuration list for PBXNativeTarget "TicTac" */;
			buildPhases = (
				5CB1B8881BA9DB9600307415 /* Sources */,
				5CB1B8891BA9DB9600307415 /* Frameworks */,
				5CB1B88A1BA9DB9600307415 /* CopyFiles */,
			);
			buildRules = (
			);
			dependencies = (
			);
			name = TicTac;
			productName = TicTac;
			productReference = 5CB1B88C1BA9DB9600307415 /* TicTac */;
			productType = "com.apple.product-type.tool";
		};
/* End PBXNativeTarget section */

/* Begin PBXProject section */
		5CB1B8841BA9DB9600307415 /* Project object */ = {
			isa = PBXProject;
			attributes = {
				LastUpgradeCheck = 0610;
				ORGANIZATIONNAME = "Mario J Merendino";
				TargetAttributes = {
					5CB1B88B1BA9DB9600307415 = {
						CreatedOnToolsVersion = 6.1.1;
					};
				};
			};
			buildConfigurationList = 5CB1B8871BA9DB9600307415 /* Build configuration list for PBXProject "TicTac" */;
			compatibilityVersion = "Xcode 3.2";
			developmentRegion = English;
			hasScannedForEncodings = 0;
			knownRegions = (
				en,
			);
			mainGroup = 5CB1B8831BA9DB9600307415;
			productRefGroup = 5CB1B88D1BA9DB9600307415 /* Products */;
			projectDirPath = "";
			projectRoot = "";
			targets = (
				5CB1B88B1BA9DB9600307415 /* TicTac */,
			);
		};
/* End PBXProject section */

/* Begin PBXSourcesBuildPhase section */
		5CB1B8881BA9DB9600307415 /* Sources */ = {
			isa = PBXSourcesBuildPhase;
			buildActionMask = 2147483647;
			files = (
				5CB1B8971BA9DBB700307415 /* tictactoe.cpp in Sources */,
			);
			runOnlyForDeploymentPostprocessing = 0;
		};
/* End PBXSourcesBuildPhase section */

/* Begin XCBuildConfiguration section */
		5CB1B8911BA9DB9600307415 /* Debug */ = {
			isa = XCBuildConfiguration;
			buildSettings = {
				ALWAYS_SEARCH_USER_PATHS = NO;
				CLANG_CXX_LANGUAGE_STANDARD = "gnu++0x";
				CLANG_CXX_LIBRARY = "libc++";
				CLANG_ENABLE_MODULES = YES;
				CLANG_ENABLE_OBJC_ARC = YES;
				CLANG_WARN_BOOL_CONVERSION = YES;
				CLANG_WARN_CONSTANT_CONVERSION = YES;
				CLANG_WARN_DIRECT_OBJC_ISA_USAGE = YES_ERROR;
				CLANG_WARN_EMPTY_BODY = YES;
				CLANG_WARN_ENUM_CONVERSION = YES;
				CLANG_WARN_INT_CONVERSION = YES;
				CLANG_WARN_OBJC_ROOT_CLASS = YES_ERROR;
				CLANG_WARN_UNREACHABLE_CODE = YES;
				CLANG_WARN__DUPLICATE_METHOD_MATCH = YES;
				COPY_PHASE_STRIP = NO;
				ENABLE_STRICT_OBJC_MSGSEND = YES;
				GCC_C_LANGUAGE_STANDARD = gnu99;
				GCC_DYNAMIC_NO_PIC = NO;
				GCC_OPTIMIZATION_LEVEL = 0;
				GCC_PREPROCESSOR_DEFINITIONS = (
					"DEBUG=1",
					"$(inherited)",
				);
				GCC_SYMBOLS_PRIVATE_EXTERN = NO;
				GCC_WARN_64_TO_32_BIT_CONVERSION = YES;
				GCC_WARN_ABOUT_RETURN_TYPE = YES_ERROR;
				GCC_WARN_UNDECLARED_SELECTOR = YES;
				GCC_WARN_UNINITIALIZED_AUTOS = YES_AGGRESSIVE;
				GCC_WARN_UNUSED_FUNCTION = YES;
				GCC_WARN_UNUSED_VARIABLE = YES;
				MACOSX_DEPLOYMENT_TARGET = 10.10;
				MTL_ENABLE_DEBUG_INFO = YES;
				ONLY_ACTIVE_ARCH = YES;
				SDKROOT = macosx;
			};
			name = Debug;
		};
		5CB1B8921BA9DB9600307415 /* Release */ = {
			isa = XCBuildConfiguration;
			buildSettings = {
				ALWAYS_SEARCH_USER_PATHS = NO;
				CLANG_CXX_LANGUAGE_STANDARD = "gnu++0x";
				CLANG_CXX_LIBRARY = "libc++";
				CLANG_ENABLE_MODULES = YES;
				CLANG_ENABLE_OBJC_ARC = YES;
				CLANG_WARN_BOOL_CONVERSION = YES;
				CLANG_WARN_CONSTANT_CONVERSION = YES;
				CLANG_WARN_DIRECT_OBJC_ISA_USAGE = YES_ERROR;
				CLANG_WARN_EMPTY_BODY = YES;
				CLANG_WARN_ENUM_CONVERSION = YES;
				CLANG_WARN_INT_CONVERSION = YES;
				CLANG_WARN_OBJC_ROOT_CLASS = YES_ERROR;
				CLANG_WARN_UNREACHABLE_CODE = YES;
				CLANG_WARN__DUPLICATE_METHOD_MATCH = YES;
				COPY_PHASE_STRIP = YES;
				DEBUG_INFORMATION_FORMAT = "dwarf-with-dsym";
				ENABLE_NS_ASSERTIONS = NO;
				ENABLE_STRICT_OBJC_MSGSEND = YES;
				GCC_C_LANGUAGE_STANDARD = gnu99;
				GCC_WARN_64_TO_32_BIT_CONVERSION = YES;
				GCC_WARN_ABOUT_RETURN_TYPE = YES_ERROR;
				GCC_WARN_UNDECLARED_SELECTOR = YES;
				GCC_WARN_UNINITIALIZED_AUTOS = YES_AGGRESSIVE;
				GCC_WARN_UNUSED_FUNCTION = YES;
				GCC_WARN_UNUSED_VARIABLE = YES;
				MACOSX_DEPLOYMENT_TARGET = 10.10;
				MTL_ENABLE_DEBUG_INFO = NO;
				SDKROOT = macosx;
			};
			name = Release;
		};
		5CB1B8941BA9DB9600307415 /* Debug */ = {
			isa = XCBuildConfiguration;
			buildSettings = {
				PRODUCT_NAME = "$(TARGET_NAME)";
			};
			name = Debug;
		};
		5CB1B8951BA9DB9600307415 /* Release */ = {
			isa = XCBuildConfiguration;
			buildSettings = {
				PRODUCT_NAME = "$(TARGET_NAME)";
			};
			name = Release;
		};
/* End XCBuildConfiguration section */

/* Begin XCConfigurationList section */
		5CB1B8871BA9DB9600307415 /* Build configuration list for PBXProject "TicTac" */ = {
			isa = XCConfigurationList;
			buildConfigurations = (
				5CB1B8911BA9DB9600307415 /* Debug */,
				5CB1B8921BA9DB9600307415 /* Release */,
			);
			defaultConfigurationIsVisible = 0;
			defaultConfigurationName = Release;
		};
		5CB1B8931BA9DB9600307415 /* Build configuration list for PBXNativeTarget "TicTac" */ = {
			isa = XCConfigurationList;
			buildConfigurations = (
				5CB1B8941BA9DB9600307415 /* Debug */,
				5CB1B8951BA9DB9600307415 /* Release */,
			);
			defaultConfigurationIsVisible = 0;
			defaultConfigurationName = Release;
		};
/* End XCConfigurationList section */
	};
	rootObject = 5CB1B8841BA9DB9600307415 /* Project object */;
}
